// !$*UTF8*$!
{
	archiveVersion = 1;
	classes = {
	};
	objectVersion = 46;
	objects = {

/* Begin PBXBuildFile section */
		8CF2A9751BCF20D900FAA321 /* CoreMeta.h in Headers */ = {isa = PBXBuildFile; fileRef = 8CF2A9741BCF20D900FAA321 /* CoreMeta.h */; settings = {ATTRIBUTES = (Public, ); }; };
		8CF332301BD14B8A0026564F /* CoreMeta.framework in Frameworks */ = {isa = PBXBuildFile; fileRef = 8CF2A9711BCF20D900FAA321 /* CoreMeta.framework */; };
		BAC280523F4D7B379D1E32C7 /* CMContainer.swift in Sources */ = {isa = PBXBuildFile; fileRef = BAC28C844249D7E3F85F7E52 /* CMContainer.swift */; };
		BAC2816C3543AAB4D6D7EC31 /* CMBundleIntrospector.swift in Sources */ = {isa = PBXBuildFile; fileRef = BAC281979C4DE77FCD1D776F /* CMBundleIntrospector.swift */; };
		BAC282308170F5CFA054382E /* CMTypeInfo.swift in Sources */ = {isa = PBXBuildFile; fileRef = BAC285082A985E5ED86E2661 /* CMTypeInfo.swift */; };
		BAC2824DFB0F5998B5CBA166 /* CMContainerAutoRegister.swift in Sources */ = {isa = PBXBuildFile; fileRef = BAC2802C08FA7319535BF182 /* CMContainerAutoRegister.swift */; };
		BAC28260BE5206B6200E0BF4 /* CMArrayExtensionTests.swift in Sources */ = {isa = PBXBuildFile; fileRef = BAC28D5282CE3A1698F438CD /* CMArrayExtensionTests.swift */; };
		BAC282AA349DDA14FD1006EE /* CMBundleIntrospectorTests.swift in Sources */ = {isa = PBXBuildFile; fileRef = BAC280519F7CAAD47B8CB793 /* CMBundleIntrospectorTests.swift */; };
		BAC282AF3224E655DDA7F0BF /* CMContainerClassRegistrationMap.swift in Sources */ = {isa = PBXBuildFile; fileRef = BAC28FD01821D756366625C8 /* CMContainerClassRegistrationMap.swift */; };
		BAC28335AA44C27693E23AD0 /* CMDictionaryTests.swift in Sources */ = {isa = PBXBuildFile; fileRef = BAC2898DA5983C2F7F7D1E75 /* CMDictionaryTests.swift */; };
		BAC28394E930225D944FF12D /* CMTypeIntrospectorTests.swift in Sources */ = {isa = PBXBuildFile; fileRef = BAC280EB062595ADDDF8B157 /* CMTypeIntrospectorTests.swift */; };
		BAC283F73350C598D154ECB9 /* CMArrayExtension.swift in Sources */ = {isa = PBXBuildFile; fileRef = BAC28CA26757108006637A20 /* CMArrayExtension.swift */; };
		BAC2846FEDFC219173DFC868 /* CMContainerCache.swift in Sources */ = {isa = PBXBuildFile; fileRef = BAC28AFFB47D10B405FCA5DB /* CMContainerCache.swift */; };
		BAC2848EE05B13B9F00C5CA5 /* CMContainerRegistrationMap.swift in Sources */ = {isa = PBXBuildFile; fileRef = BAC2839049153FFD7F34745A /* CMContainerRegistrationMap.swift */; };
		BAC284E4C987DAA11A1C43A0 /* CMArrayExtension.swift in Sources */ = {isa = PBXBuildFile; fileRef = BAC28CA26757108006637A20 /* CMArrayExtension.swift */; };
		BAC284EBB545923E5374CDD5 /* CMContainerAutoRegister.swift in Sources */ = {isa = PBXBuildFile; fileRef = BAC2802C08FA7319535BF182 /* CMContainerAutoRegister.swift */; };
		BAC286069F511C4DD08D70CF /* CMContainerRegistrationMap.swift in Sources */ = {isa = PBXBuildFile; fileRef = BAC2839049153FFD7F34745A /* CMContainerRegistrationMap.swift */; };
		BAC2861E7D19273E3F634226 /* CMTypeIntrospector.swift in Sources */ = {isa = PBXBuildFile; fileRef = BAC28E8C5B326278A15BDA12 /* CMTypeIntrospector.swift */; };
		BAC28700F8DB308C8054F2B9 /* CMContainerRegistration.swift in Sources */ = {isa = PBXBuildFile; fileRef = BAC289CF15067882A3014EEC /* CMContainerRegistration.swift */; };
		BAC28A009D4C44551DE30EB1 /* CMContainerProtocolRegistrationMap.swift in Sources */ = {isa = PBXBuildFile; fileRef = BAC2808E17987A86F2CC4B7B /* CMContainerProtocolRegistrationMap.swift */; };
		BAC28AD6A41D71D135A967AA /* CMStaticContainer.swift in Sources */ = {isa = PBXBuildFile; fileRef = BAC2827C530A20B4567647AD /* CMStaticContainer.swift */; };
		BAC28B34459F6D28793ED4D5 /* NSObjectExtension.swift in Sources */ = {isa = PBXBuildFile; fileRef = BAC28115A3B32FA76935A2A9 /* NSObjectExtension.swift */; };
		BAC28B76D4E8FB9AAA0DF384 /* NSObjectExtension.swift in Sources */ = {isa = PBXBuildFile; fileRef = BAC28115A3B32FA76935A2A9 /* NSObjectExtension.swift */; };
		BAC28B879C7B02192B54DC30 /* CMPropertyInfo.swift in Sources */ = {isa = PBXBuildFile; fileRef = BAC28D31B0FF287E973DF73C /* CMPropertyInfo.swift */; };
		BAC28BD64733FD9564EFF1AB /* CMTypeIntrospector.swift in Sources */ = {isa = PBXBuildFile; fileRef = BAC28E8C5B326278A15BDA12 /* CMTypeIntrospector.swift */; };
		BAC28BDBE775E3653BB75EA1 /* CMContainerRegistration.swift in Sources */ = {isa = PBXBuildFile; fileRef = BAC289CF15067882A3014EEC /* CMContainerRegistration.swift */; };
		BAC28C1C10F5F2ADC40FA4C7 /* CMContainerCacheTests.swift in Sources */ = {isa = PBXBuildFile; fileRef = BAC28EADB7641728B360CFCD /* CMContainerCacheTests.swift */; };
		BAC28CAB0CE6A8EF92589D4F /* CMContainer.swift in Sources */ = {isa = PBXBuildFile; fileRef = BAC28C844249D7E3F85F7E52 /* CMContainer.swift */; };
		BAC28CD72DB0933763F17E2E /* CMDictionaryExtensions.swift in Sources */ = {isa = PBXBuildFile; fileRef = BAC28C2B2CFE86B1F0B571CD /* CMDictionaryExtensions.swift */; };
		BAC28CE0E05F7765E4EC1229 /* CMContainerCache.swift in Sources */ = {isa = PBXBuildFile; fileRef = BAC28AFFB47D10B405FCA5DB /* CMContainerCache.swift */; };
		BAC28D13E028288ABC979ECC /* CMContainerClassRegistrationMap.swift in Sources */ = {isa = PBXBuildFile; fileRef = BAC28FD01821D756366625C8 /* CMContainerClassRegistrationMap.swift */; };
		BAC28D7A5D937C787DBCA235 /* CMPropertyInfo.swift in Sources */ = {isa = PBXBuildFile; fileRef = BAC28D31B0FF287E973DF73C /* CMPropertyInfo.swift */; };
		BAC28DD6F2A8A69AF26A68C2 /* CMContainerTests.swift in Sources */ = {isa = PBXBuildFile; fileRef = BAC28011EC282486F604B907 /* CMContainerTests.swift */; };
		BAC28E43C67C2A6722B0A414 /* CMTypeInfo.swift in Sources */ = {isa = PBXBuildFile; fileRef = BAC285082A985E5ED86E2661 /* CMTypeInfo.swift */; };
		BAC28EBD53570CB1B8BD04C1 /* Types.swift in Sources */ = {isa = PBXBuildFile; fileRef = BAC282729D3AD5AED8D56CA5 /* Types.swift */; };
		BAC28EE229CF640992EA12D9 /* CMBundleIntrospector.swift in Sources */ = {isa = PBXBuildFile; fileRef = BAC281979C4DE77FCD1D776F /* CMBundleIntrospector.swift */; };
		BAC28EEC58210799D0255BBA /* CMContainerRegistrationMapTests.swift in Sources */ = {isa = PBXBuildFile; fileRef = BAC28E2B7CC739D0A80AD301 /* CMContainerRegistrationMapTests.swift */; };
		BAC28EFEEBFA28A66F9A019B /* CMDictionaryExtensions.swift in Sources */ = {isa = PBXBuildFile; fileRef = BAC28C2B2CFE86B1F0B571CD /* CMDictionaryExtensions.swift */; };
		BAC28FAC55D62A42D501D481 /* CMContainerProtocolRegistrationMap.swift in Sources */ = {isa = PBXBuildFile; fileRef = BAC2808E17987A86F2CC4B7B /* CMContainerProtocolRegistrationMap.swift */; };
		BAC28FE8363F455EA9470734 /* CMStaticContainer.swift in Sources */ = {isa = PBXBuildFile; fileRef = BAC2827C530A20B4567647AD /* CMStaticContainer.swift */; };
/* End PBXBuildFile section */

/* Begin PBXContainerItemProxy section */
		8CF332311BD14B8A0026564F /* PBXContainerItemProxy */ = {
			isa = PBXContainerItemProxy;
			containerPortal = 8CF2A9681BCF20D900FAA321 /* Project object */;
			proxyType = 1;
			remoteGlobalIDString = 8CF2A9701BCF20D900FAA321;
			remoteInfo = CoreMeta;
		};
/* End PBXContainerItemProxy section */

/* Begin PBXFileReference section */
		8CF2A9711BCF20D900FAA321 /* CoreMeta.framework */ = {isa = PBXFileReference; explicitFileType = wrapper.framework; includeInIndex = 0; path = CoreMeta.framework; sourceTree = BUILT_PRODUCTS_DIR; };
		8CF2A9741BCF20D900FAA321 /* CoreMeta.h */ = {isa = PBXFileReference; lastKnownFileType = sourcecode.c.h; path = CoreMeta.h; sourceTree = "<group>"; };
		8CF2A9761BCF20D900FAA321 /* Info.plist */ = {isa = PBXFileReference; lastKnownFileType = text.plist.xml; path = Info.plist; sourceTree = "<group>"; };
		8CF3322B1BD14B8A0026564F /* CoreMetaTests.xctest */ = {isa = PBXFileReference; explicitFileType = wrapper.cfbundle; includeInIndex = 0; path = CoreMetaTests.xctest; sourceTree = BUILT_PRODUCTS_DIR; };
		8CF3322F1BD14B8A0026564F /* Info.plist */ = {isa = PBXFileReference; lastKnownFileType = text.plist.xml; path = Info.plist; sourceTree = "<group>"; };
		BAC28011EC282486F604B907 /* CMContainerTests.swift */ = {isa = PBXFileReference; fileEncoding = 4; lastKnownFileType = sourcecode.swift; path = CMContainerTests.swift; sourceTree = "<group>"; };
		BAC2802C08FA7319535BF182 /* CMContainerAutoRegister.swift */ = {isa = PBXFileReference; fileEncoding = 4; lastKnownFileType = sourcecode.swift; path = CMContainerAutoRegister.swift; sourceTree = "<group>"; };
		BAC280519F7CAAD47B8CB793 /* CMBundleIntrospectorTests.swift */ = {isa = PBXFileReference; fileEncoding = 4; lastKnownFileType = sourcecode.swift; path = CMBundleIntrospectorTests.swift; sourceTree = "<group>"; };
		BAC2808E17987A86F2CC4B7B /* CMContainerProtocolRegistrationMap.swift */ = {isa = PBXFileReference; fileEncoding = 4; lastKnownFileType = sourcecode.swift; path = CMContainerProtocolRegistrationMap.swift; sourceTree = "<group>"; };
		BAC280EB062595ADDDF8B157 /* CMTypeIntrospectorTests.swift */ = {isa = PBXFileReference; fileEncoding = 4; lastKnownFileType = sourcecode.swift; path = CMTypeIntrospectorTests.swift; sourceTree = "<group>"; };
		BAC28115A3B32FA76935A2A9 /* NSObjectExtension.swift */ = {isa = PBXFileReference; fileEncoding = 4; lastKnownFileType = sourcecode.swift; path = NSObjectExtension.swift; sourceTree = "<group>"; };
		BAC281979C4DE77FCD1D776F /* CMBundleIntrospector.swift */ = {isa = PBXFileReference; fileEncoding = 4; lastKnownFileType = sourcecode.swift; path = CMBundleIntrospector.swift; sourceTree = "<group>"; };
		BAC282729D3AD5AED8D56CA5 /* Types.swift */ = {isa = PBXFileReference; fileEncoding = 4; lastKnownFileType = sourcecode.swift; path = Types.swift; sourceTree = "<group>"; };
		BAC2827C530A20B4567647AD /* CMStaticContainer.swift */ = {isa = PBXFileReference; fileEncoding = 4; lastKnownFileType = sourcecode.swift; path = CMStaticContainer.swift; sourceTree = "<group>"; };
		BAC2839049153FFD7F34745A /* CMContainerRegistrationMap.swift */ = {isa = PBXFileReference; fileEncoding = 4; lastKnownFileType = sourcecode.swift; path = CMContainerRegistrationMap.swift; sourceTree = "<group>"; };
		BAC285082A985E5ED86E2661 /* CMTypeInfo.swift */ = {isa = PBXFileReference; fileEncoding = 4; lastKnownFileType = sourcecode.swift; path = CMTypeInfo.swift; sourceTree = "<group>"; };
		BAC2898DA5983C2F7F7D1E75 /* CMDictionaryTests.swift */ = {isa = PBXFileReference; fileEncoding = 4; lastKnownFileType = sourcecode.swift; path = CMDictionaryTests.swift; sourceTree = "<group>"; };
		BAC289CF15067882A3014EEC /* CMContainerRegistration.swift */ = {isa = PBXFileReference; fileEncoding = 4; lastKnownFileType = sourcecode.swift; path = CMContainerRegistration.swift; sourceTree = "<group>"; };
		BAC28AFFB47D10B405FCA5DB /* CMContainerCache.swift */ = {isa = PBXFileReference; fileEncoding = 4; lastKnownFileType = sourcecode.swift; path = CMContainerCache.swift; sourceTree = "<group>"; };
		BAC28C2B2CFE86B1F0B571CD /* CMDictionaryExtensions.swift */ = {isa = PBXFileReference; fileEncoding = 4; lastKnownFileType = sourcecode.swift; path = CMDictionaryExtensions.swift; sourceTree = "<group>"; };
		BAC28C844249D7E3F85F7E52 /* CMContainer.swift */ = {isa = PBXFileReference; fileEncoding = 4; lastKnownFileType = sourcecode.swift; path = CMContainer.swift; sourceTree = "<group>"; };
		BAC28CA26757108006637A20 /* CMArrayExtension.swift */ = {isa = PBXFileReference; fileEncoding = 4; lastKnownFileType = sourcecode.swift; path = CMArrayExtension.swift; sourceTree = "<group>"; };
		BAC28D31B0FF287E973DF73C /* CMPropertyInfo.swift */ = {isa = PBXFileReference; fileEncoding = 4; lastKnownFileType = sourcecode.swift; path = CMPropertyInfo.swift; sourceTree = "<group>"; };
		BAC28D5282CE3A1698F438CD /* CMArrayExtensionTests.swift */ = {isa = PBXFileReference; fileEncoding = 4; lastKnownFileType = sourcecode.swift; path = CMArrayExtensionTests.swift; sourceTree = "<group>"; };
		BAC28E2B7CC739D0A80AD301 /* CMContainerRegistrationMapTests.swift */ = {isa = PBXFileReference; fileEncoding = 4; lastKnownFileType = sourcecode.swift; path = CMContainerRegistrationMapTests.swift; sourceTree = "<group>"; };
		BAC28E8C5B326278A15BDA12 /* CMTypeIntrospector.swift */ = {isa = PBXFileReference; fileEncoding = 4; lastKnownFileType = sourcecode.swift; path = CMTypeIntrospector.swift; sourceTree = "<group>"; };
		BAC28EADB7641728B360CFCD /* CMContainerCacheTests.swift */ = {isa = PBXFileReference; fileEncoding = 4; lastKnownFileType = sourcecode.swift; path = CMContainerCacheTests.swift; sourceTree = "<group>"; };
		BAC28FD01821D756366625C8 /* CMContainerClassRegistrationMap.swift */ = {isa = PBXFileReference; fileEncoding = 4; lastKnownFileType = sourcecode.swift; path = CMContainerClassRegistrationMap.swift; sourceTree = "<group>"; };
/* End PBXFileReference section */

/* Begin PBXFrameworksBuildPhase section */
		8CF2A96D1BCF20D900FAA321 /* Frameworks */ = {
			isa = PBXFrameworksBuildPhase;
			buildActionMask = 2147483647;
			files = (
			);
			runOnlyForDeploymentPostprocessing = 0;
		};
		8CF332281BD14B8A0026564F /* Frameworks */ = {
			isa = PBXFrameworksBuildPhase;
			buildActionMask = 2147483647;
			files = (
				8CF332301BD14B8A0026564F /* CoreMeta.framework in Frameworks */,
			);
			runOnlyForDeploymentPostprocessing = 0;
		};
/* End PBXFrameworksBuildPhase section */

/* Begin PBXGroup section */
		8CAE81561BD55C9F00A30927 /* Resources */ = {
			isa = PBXGroup;
			children = (
				8CF2A9761BCF20D900FAA321 /* Info.plist */,
			);
			name = Resources;
			sourceTree = "<group>";
		};
		8CF2A9671BCF20D900FAA321 = {
			isa = PBXGroup;
			children = (
				8CF2A9731BCF20D900FAA321 /* CoreMeta */,
				8CF3322C1BD14B8A0026564F /* CoreMetaTests */,
				8CF2A9721BCF20D900FAA321 /* Products */,
			);
			sourceTree = "<group>";
		};
		8CF2A9721BCF20D900FAA321 /* Products */ = {
			isa = PBXGroup;
			children = (
				8CF2A9711BCF20D900FAA321 /* CoreMeta.framework */,
				8CF3322B1BD14B8A0026564F /* CoreMetaTests.xctest */,
			);
			name = Products;
			sourceTree = "<group>";
		};
		8CF2A9731BCF20D900FAA321 /* CoreMeta */ = {
			isa = PBXGroup;
			children = (
				8CAE81561BD55C9F00A30927 /* Resources */,
				BAC28C7A061F3B6D1F2B726D /* Extensions */,
				BAC288DB918B2C80CFB5166D /* IOC */,
				8CF2A9741BCF20D900FAA321 /* CoreMeta.h */,
				BAC28546359576FDB12BA562 /* Meta */,
			);
			path = CoreMeta;
			sourceTree = "<group>";
		};
		8CF3322C1BD14B8A0026564F /* CoreMetaTests */ = {
			isa = PBXGroup;
			children = (
				BAC2885E1D39C9042D830404 /* Meta */,
				BAC28C8DB04EA6559A91F685 /* Extensions */,
				BAC28A00C670B8240888C464 /* IOC */,
				8CF3322F1BD14B8A0026564F /* Info.plist */,
				BAC282729D3AD5AED8D56CA5 /* Types.swift */,
			);
			path = CoreMetaTests;
			sourceTree = "<group>";
		};
		BAC28546359576FDB12BA562 /* Meta */ = {
			isa = PBXGroup;
			children = (
				BAC285082A985E5ED86E2661 /* CMTypeInfo.swift */,
				BAC28D31B0FF287E973DF73C /* CMPropertyInfo.swift */,
				BAC28E8C5B326278A15BDA12 /* CMTypeIntrospector.swift */,
				BAC281979C4DE77FCD1D776F /* CMBundleIntrospector.swift */,
			);
			path = Meta;
			sourceTree = "<group>";
		};
		BAC2885E1D39C9042D830404 /* Meta */ = {
			isa = PBXGroup;
			children = (
				BAC280EB062595ADDDF8B157 /* CMTypeIntrospectorTests.swift */,
				BAC280519F7CAAD47B8CB793 /* CMBundleIntrospectorTests.swift */,
			);
			path = Meta;
			sourceTree = "<group>";
		};
		BAC288DB918B2C80CFB5166D /* IOC */ = {
			isa = PBXGroup;
			children = (
				BAC28C844249D7E3F85F7E52 /* CMContainer.swift */,
				BAC289CF15067882A3014EEC /* CMContainerRegistration.swift */,
				BAC2839049153FFD7F34745A /* CMContainerRegistrationMap.swift */,
				BAC28FD01821D756366625C8 /* CMContainerClassRegistrationMap.swift */,
				BAC28AFFB47D10B405FCA5DB /* CMContainerCache.swift */,
				BAC2808E17987A86F2CC4B7B /* CMContainerProtocolRegistrationMap.swift */,
				BAC2827C530A20B4567647AD /* CMStaticContainer.swift */,
				BAC2802C08FA7319535BF182 /* CMContainerAutoRegister.swift */,
			);
			path = IOC;
			sourceTree = "<group>";
		};
		BAC28A00C670B8240888C464 /* IOC */ = {
			isa = PBXGroup;
			children = (
				BAC28011EC282486F604B907 /* CMContainerTests.swift */,
				BAC28E2B7CC739D0A80AD301 /* CMContainerRegistrationMapTests.swift */,
				BAC28EADB7641728B360CFCD /* CMContainerCacheTests.swift */,
			);
			path = IOC;
			sourceTree = "<group>";
		};
		BAC28C7A061F3B6D1F2B726D /* Extensions */ = {
			isa = PBXGroup;
			children = (
				BAC28CA26757108006637A20 /* CMArrayExtension.swift */,
				BAC28C2B2CFE86B1F0B571CD /* CMDictionaryExtensions.swift */,
				BAC28115A3B32FA76935A2A9 /* NSObjectExtension.swift */,
			);
			path = Extensions;
			sourceTree = "<group>";
		};
		BAC28C8DB04EA6559A91F685 /* Extensions */ = {
			isa = PBXGroup;
			children = (
				BAC28D5282CE3A1698F438CD /* CMArrayExtensionTests.swift */,
				BAC2898DA5983C2F7F7D1E75 /* CMDictionaryTests.swift */,
			);
			path = Extensions;
			sourceTree = "<group>";
		};
/* End PBXGroup section */

/* Begin PBXHeadersBuildPhase section */
		8CF2A96E1BCF20D900FAA321 /* Headers */ = {
			isa = PBXHeadersBuildPhase;
			buildActionMask = 2147483647;
			files = (
				8CF2A9751BCF20D900FAA321 /* CoreMeta.h in Headers */,
			);
			runOnlyForDeploymentPostprocessing = 0;
		};
/* End PBXHeadersBuildPhase section */

/* Begin PBXNativeTarget section */
		8CF2A9701BCF20D900FAA321 /* CoreMeta */ = {
			isa = PBXNativeTarget;
			buildConfigurationList = 8CF2A9851BCF20D900FAA321 /* Build configuration list for PBXNativeTarget "CoreMeta" */;
			buildPhases = (
				8CF2A96C1BCF20D900FAA321 /* Sources */,
				8CF2A96D1BCF20D900FAA321 /* Frameworks */,
				8CF2A96E1BCF20D900FAA321 /* Headers */,
				8CF2A96F1BCF20D900FAA321 /* Resources */,
			);
			buildRules = (
			);
			dependencies = (
			);
			name = CoreMeta;
			productName = CoreMeta;
			productReference = 8CF2A9711BCF20D900FAA321 /* CoreMeta.framework */;
			productType = "com.apple.product-type.framework";
		};
		8CF3322A1BD14B8A0026564F /* CoreMetaTests */ = {
			isa = PBXNativeTarget;
			buildConfigurationList = 8CF332331BD14B8A0026564F /* Build configuration list for PBXNativeTarget "CoreMetaTests" */;
			buildPhases = (
				8CF332271BD14B8A0026564F /* Sources */,
				8CF332281BD14B8A0026564F /* Frameworks */,
				8CF332291BD14B8A0026564F /* Resources */,
			);
			buildRules = (
			);
			dependencies = (
				8CF332321BD14B8A0026564F /* PBXTargetDependency */,
			);
			name = CoreMetaTests;
			productName = CoreMetaTests;
			productReference = 8CF3322B1BD14B8A0026564F /* CoreMetaTests.xctest */;
			productType = "com.apple.product-type.bundle.unit-test";
		};
/* End PBXNativeTarget section */

/* Begin PBXProject section */
		8CF2A9681BCF20D900FAA321 /* Project object */ = {
			isa = PBXProject;
			attributes = {
				LastSwiftUpdateCheck = 0700;
				LastUpgradeCheck = 0700;
				ORGANIZATIONNAME = Truefit;
				TargetAttributes = {
					8CF2A9701BCF20D900FAA321 = {
						CreatedOnToolsVersion = 7.0.1;
					};
					8CF3322A1BD14B8A0026564F = {
						CreatedOnToolsVersion = 7.0.1;
					};
				};
			};
			buildConfigurationList = 8CF2A96B1BCF20D900FAA321 /* Build configuration list for PBXProject "CoreMeta" */;
			compatibilityVersion = "Xcode 3.2";
			developmentRegion = English;
			hasScannedForEncodings = 0;
			knownRegions = (
				en,
			);
			mainGroup = 8CF2A9671BCF20D900FAA321;
			productRefGroup = 8CF2A9721BCF20D900FAA321 /* Products */;
			projectDirPath = "";
			projectRoot = "";
			targets = (
				8CF2A9701BCF20D900FAA321 /* CoreMeta */,
				8CF3322A1BD14B8A0026564F /* CoreMetaTests */,
			);
		};
/* End PBXProject section */

/* Begin PBXResourcesBuildPhase section */
		8CF2A96F1BCF20D900FAA321 /* Resources */ = {
			isa = PBXResourcesBuildPhase;
			buildActionMask = 2147483647;
			files = (
			);
			runOnlyForDeploymentPostprocessing = 0;
		};
		8CF332291BD14B8A0026564F /* Resources */ = {
			isa = PBXResourcesBuildPhase;
			buildActionMask = 2147483647;
			files = (
			);
			runOnlyForDeploymentPostprocessing = 0;
		};
/* End PBXResourcesBuildPhase section */

/* Begin PBXSourcesBuildPhase section */
		8CF2A96C1BCF20D900FAA321 /* Sources */ = {
			isa = PBXSourcesBuildPhase;
			buildActionMask = 2147483647;
			files = (
				BAC284E4C987DAA11A1C43A0 /* CMArrayExtension.swift in Sources */,
				BAC28CAB0CE6A8EF92589D4F /* CMContainer.swift in Sources */,
				BAC28BDBE775E3653BB75EA1 /* CMContainerRegistration.swift in Sources */,
				BAC286069F511C4DD08D70CF /* CMContainerRegistrationMap.swift in Sources */,
				BAC282AF3224E655DDA7F0BF /* CMContainerClassRegistrationMap.swift in Sources */,
				BAC28CD72DB0933763F17E2E /* CMDictionaryExtensions.swift in Sources */,
				BAC28E43C67C2A6722B0A414 /* CMTypeInfo.swift in Sources */,
				BAC28B879C7B02192B54DC30 /* CMPropertyInfo.swift in Sources */,
				BAC2861E7D19273E3F634226 /* CMTypeIntrospector.swift in Sources */,
				BAC28CE0E05F7765E4EC1229 /* CMContainerCache.swift in Sources */,
				BAC28FAC55D62A42D501D481 /* CMContainerProtocolRegistrationMap.swift in Sources */,
				BAC28B34459F6D28793ED4D5 /* NSObjectExtension.swift in Sources */,
				BAC28FE8363F455EA9470734 /* CMStaticContainer.swift in Sources */,
				BAC28EE229CF640992EA12D9 /* CMBundleIntrospector.swift in Sources */,
				BAC2824DFB0F5998B5CBA166 /* CMContainerAutoRegister.swift in Sources */,
			);
			runOnlyForDeploymentPostprocessing = 0;
		};
		8CF332271BD14B8A0026564F /* Sources */ = {
			isa = PBXSourcesBuildPhase;
			buildActionMask = 2147483647;
			files = (
				BAC28394E930225D944FF12D /* CMTypeIntrospectorTests.swift in Sources */,
				BAC28260BE5206B6200E0BF4 /* CMArrayExtensionTests.swift in Sources */,
				BAC28DD6F2A8A69AF26A68C2 /* CMContainerTests.swift in Sources */,
				BAC28335AA44C27693E23AD0 /* CMDictionaryTests.swift in Sources */,
				BAC28EEC58210799D0255BBA /* CMContainerRegistrationMapTests.swift in Sources */,
				BAC28EFEEBFA28A66F9A019B /* CMDictionaryExtensions.swift in Sources */,
				BAC28700F8DB308C8054F2B9 /* CMContainerRegistration.swift in Sources */,
				BAC28D13E028288ABC979ECC /* CMContainerClassRegistrationMap.swift in Sources */,
				BAC2848EE05B13B9F00C5CA5 /* CMContainerRegistrationMap.swift in Sources */,
				BAC280523F4D7B379D1E32C7 /* CMContainer.swift in Sources */,
				BAC283F73350C598D154ECB9 /* CMArrayExtension.swift in Sources */,
				BAC282308170F5CFA054382E /* CMTypeInfo.swift in Sources */,
				BAC28D7A5D937C787DBCA235 /* CMPropertyInfo.swift in Sources */,
				BAC28BD64733FD9564EFF1AB /* CMTypeIntrospector.swift in Sources */,
				BAC2846FEDFC219173DFC868 /* CMContainerCache.swift in Sources */,
				BAC28C1C10F5F2ADC40FA4C7 /* CMContainerCacheTests.swift in Sources */,
				BAC28A009D4C44551DE30EB1 /* CMContainerProtocolRegistrationMap.swift in Sources */,
				BAC28EBD53570CB1B8BD04C1 /* Types.swift in Sources */,
				BAC28B76D4E8FB9AAA0DF384 /* NSObjectExtension.swift in Sources */,
				BAC28AD6A41D71D135A967AA /* CMStaticContainer.swift in Sources */,
				BAC2816C3543AAB4D6D7EC31 /* CMBundleIntrospector.swift in Sources */,
				BAC282AA349DDA14FD1006EE /* CMBundleIntrospectorTests.swift in Sources */,
				BAC284EBB545923E5374CDD5 /* CMContainerAutoRegister.swift in Sources */,
			);
			runOnlyForDeploymentPostprocessing = 0;
		};
/* End PBXSourcesBuildPhase section */

/* Begin PBXTargetDependency section */
		8CF332321BD14B8A0026564F /* PBXTargetDependency */ = {
			isa = PBXTargetDependency;
			target = 8CF2A9701BCF20D900FAA321 /* CoreMeta */;
			targetProxy = 8CF332311BD14B8A0026564F /* PBXContainerItemProxy */;
		};
/* End PBXTargetDependency section */

/* Begin XCBuildConfiguration section */
		8CF2A9831BCF20D900FAA321 /* Debug */ = {
			isa = XCBuildConfiguration;
			buildSettings = {
				ALWAYS_SEARCH_USER_PATHS = NO;
				CLANG_CXX_LANGUAGE_STANDARD = "gnu++0x";
				CLANG_CXX_LIBRARY = "libc++";
				CLANG_ENABLE_MODULES = YES;
				CLANG_ENABLE_OBJC_ARC = YES;
				CLANG_WARN_BOOL_CONVERSION = YES;
				CLANG_WARN_CONSTANT_CONVERSION = YES;
				CLANG_WARN_DIRECT_OBJC_ISA_USAGE = YES_ERROR;
				CLANG_WARN_EMPTY_BODY = YES;
				CLANG_WARN_ENUM_CONVERSION = YES;
				CLANG_WARN_INT_CONVERSION = YES;
				CLANG_WARN_OBJC_ROOT_CLASS = YES_ERROR;
				CLANG_WARN_UNREACHABLE_CODE = YES;
				CLANG_WARN__DUPLICATE_METHOD_MATCH = YES;
				"CODE_SIGN_IDENTITY[sdk=iphoneos*]" = "iPhone Developer";
				COPY_PHASE_STRIP = NO;
				CURRENT_PROJECT_VERSION = 1;
				DEBUG_INFORMATION_FORMAT = dwarf;
				ENABLE_STRICT_OBJC_MSGSEND = YES;
				ENABLE_TESTABILITY = YES;
				GCC_C_LANGUAGE_STANDARD = gnu99;
				GCC_DYNAMIC_NO_PIC = NO;
				GCC_NO_COMMON_BLOCKS = YES;
				GCC_OPTIMIZATION_LEVEL = 0;
				GCC_PREPROCESSOR_DEFINITIONS = (
					"DEBUG=1",
					"$(inherited)",
				);
				GCC_WARN_64_TO_32_BIT_CONVERSION = YES;
				GCC_WARN_ABOUT_RETURN_TYPE = YES_ERROR;
				GCC_WARN_UNDECLARED_SELECTOR = YES;
				GCC_WARN_UNINITIALIZED_AUTOS = YES_AGGRESSIVE;
				GCC_WARN_UNUSED_FUNCTION = YES;
				GCC_WARN_UNUSED_VARIABLE = YES;
				IPHONEOS_DEPLOYMENT_TARGET = 9.0;
				MTL_ENABLE_DEBUG_INFO = YES;
				ONLY_ACTIVE_ARCH = YES;
				SDKROOT = iphoneos;
				SWIFT_OPTIMIZATION_LEVEL = "-Onone";
				TARGETED_DEVICE_FAMILY = "1,2";
				VERSIONING_SYSTEM = "apple-generic";
				VERSION_INFO_PREFIX = "";
			};
			name = Debug;
		};
		8CF2A9841BCF20D900FAA321 /* Release */ = {
			isa = XCBuildConfiguration;
			buildSettings = {
				ALWAYS_SEARCH_USER_PATHS = NO;
				CLANG_CXX_LANGUAGE_STANDARD = "gnu++0x";
				CLANG_CXX_LIBRARY = "libc++";
				CLANG_ENABLE_MODULES = YES;
				CLANG_ENABLE_OBJC_ARC = YES;
				CLANG_WARN_BOOL_CONVERSION = YES;
				CLANG_WARN_CONSTANT_CONVERSION = YES;
				CLANG_WARN_DIRECT_OBJC_ISA_USAGE = YES_ERROR;
				CLANG_WARN_EMPTY_BODY = YES;
				CLANG_WARN_ENUM_CONVERSION = YES;
				CLANG_WARN_INT_CONVERSION = YES;
				CLANG_WARN_OBJC_ROOT_CLASS = YES_ERROR;
				CLANG_WARN_UNREACHABLE_CODE = YES;
				CLANG_WARN__DUPLICATE_METHOD_MATCH = YES;
				"CODE_SIGN_IDENTITY[sdk=iphoneos*]" = "iPhone Developer";
				COPY_PHASE_STRIP = NO;
				CURRENT_PROJECT_VERSION = 1;
				DEBUG_INFORMATION_FORMAT = "dwarf-with-dsym";
				ENABLE_NS_ASSERTIONS = NO;
				ENABLE_STRICT_OBJC_MSGSEND = YES;
				GCC_C_LANGUAGE_STANDARD = gnu99;
				GCC_NO_COMMON_BLOCKS = YES;
				GCC_WARN_64_TO_32_BIT_CONVERSION = YES;
				GCC_WARN_ABOUT_RETURN_TYPE = YES_ERROR;
				GCC_WARN_UNDECLARED_SELECTOR = YES;
				GCC_WARN_UNINITIALIZED_AUTOS = YES_AGGRESSIVE;
				GCC_WARN_UNUSED_FUNCTION = YES;
				GCC_WARN_UNUSED_VARIABLE = YES;
				IPHONEOS_DEPLOYMENT_TARGET = 9.0;
				MTL_ENABLE_DEBUG_INFO = NO;
				SDKROOT = iphoneos;
				TARGETED_DEVICE_FAMILY = "1,2";
				VALIDATE_PRODUCT = YES;
				VERSIONING_SYSTEM = "apple-generic";
				VERSION_INFO_PREFIX = "";
			};
			name = Release;
		};
		8CF2A9861BCF20D900FAA321 /* Debug */ = {
			isa = XCBuildConfiguration;
			buildSettings = {
				DEFINES_MODULE = YES;
				DYLIB_COMPATIBILITY_VERSION = 1;
				DYLIB_CURRENT_VERSION = 1;
				DYLIB_INSTALL_NAME_BASE = "@rpath";
				HEADER_SEARCH_PATHS = "";
				INFOPLIST_FILE = CoreMeta/Info.plist;
				INSTALL_PATH = "$(LOCAL_LIBRARY_DIR)/Frameworks";
				LD_RUNPATH_SEARCH_PATHS = "$(inherited) @executable_path/Frameworks @loader_path/Frameworks";
				PRODUCT_BUNDLE_IDENTIFIER = com.truefitsolutions.CoreMeta;
				PRODUCT_NAME = "$(TARGET_NAME)";
				SKIP_INSTALL = YES;
				SWIFT_INSTALL_OBJC_HEADER = YES;
			};
			name = Debug;
		};
		8CF2A9871BCF20D900FAA321 /* Release */ = {
			isa = XCBuildConfiguration;
			buildSettings = {
				DEFINES_MODULE = YES;
				DYLIB_COMPATIBILITY_VERSION = 1;
				DYLIB_CURRENT_VERSION = 1;
				DYLIB_INSTALL_NAME_BASE = "@rpath";
				HEADER_SEARCH_PATHS = "";
				INFOPLIST_FILE = CoreMeta/Info.plist;
				INSTALL_PATH = "$(LOCAL_LIBRARY_DIR)/Frameworks";
				LD_RUNPATH_SEARCH_PATHS = "$(inherited) @executable_path/Frameworks @loader_path/Frameworks";
				PRODUCT_BUNDLE_IDENTIFIER = com.truefitsolutions.CoreMeta;
				PRODUCT_NAME = "$(TARGET_NAME)";
				SKIP_INSTALL = YES;
				SWIFT_INSTALL_OBJC_HEADER = YES;
			};
			name = Release;
		};
		8CF332341BD14B8A0026564F /* Debug */ = {
			isa = XCBuildConfiguration;
			buildSettings = {
				INFOPLIST_FILE = CoreMetaTests/Info.plist;
				LD_RUNPATH_SEARCH_PATHS = "$(inherited) @executable_path/Frameworks @loader_path/Frameworks";
				PRODUCT_BUNDLE_IDENTIFIER = com.truefitsolutions.CoreMetaTests;
				PRODUCT_NAME = "$(TARGET_NAME)";
			};
			name = Debug;
		};
		8CF332351BD14B8A0026564F /* Release */ = {
			isa = XCBuildConfiguration;
			buildSettings = {
				INFOPLIST_FILE = CoreMetaTests/Info.plist;
				LD_RUNPATH_SEARCH_PATHS = "$(inherited) @executable_path/Frameworks @loader_path/Frameworks";
				PRODUCT_BUNDLE_IDENTIFIER = com.truefitsolutions.CoreMetaTests;
				PRODUCT_NAME = "$(TARGET_NAME)";
			};
			name = Release;
		};
/* End XCBuildConfiguration section */

/* Begin XCConfigurationList section */
		8CF2A96B1BCF20D900FAA321 /* Build configuration list for PBXProject "CoreMeta" */ = {
			isa = XCConfigurationList;
			buildConfigurations = (
				8CF2A9831BCF20D900FAA321 /* Debug */,
				8CF2A9841BCF20D900FAA321 /* Release */,
			);
			defaultConfigurationIsVisible = 0;
			defaultConfigurationName = Release;
		};
		8CF2A9851BCF20D900FAA321 /* Build configuration list for PBXNativeTarget "CoreMeta" */ = {
			isa = XCConfigurationList;
			buildConfigurations = (
				8CF2A9861BCF20D900FAA321 /* Debug */,
				8CF2A9871BCF20D900FAA321 /* Release */,
			);
			defaultConfigurationIsVisible = 0;
			defaultConfigurationName = Release;
		};
		8CF332331BD14B8A0026564F /* Build configuration list for PBXNativeTarget "CoreMetaTests" */ = {
			isa = XCConfigurationList;
			buildConfigurations = (
				8CF332341BD14B8A0026564F /* Debug */,
				8CF332351BD14B8A0026564F /* Release */,
			);
			defaultConfigurationIsVisible = 0;
			defaultConfigurationName = Release;
		};
/* End XCConfigurationList section */
	};
	rootObject = 8CF2A9681BCF20D900FAA321 /* Project object */;
}
