// !$*UTF8*$!
{
	archiveVersion = 1;
	classes = {
	};
	objectVersion = 46;
	objects = {

/* Begin PBXBuildFile section */
		8C14303A15B4A04500A9C1B9 /* Foundation.framework in Frameworks */ = {isa = PBXBuildFile; fileRef = 8C14303915B4A04500A9C1B9 /* Foundation.framework */; };
		8C14308F15B4A09900A9C1B9 /* NSArray+Helpers.h in Headers */ = {isa = PBXBuildFile; fileRef = 8C14306615B4A09900A9C1B9 /* NSArray+Helpers.h */; settings = {ATTRIBUTES = (); }; };
		8C14309015B4A09900A9C1B9 /* NSArray+Helpers.m in Sources */ = {isa = PBXBuildFile; fileRef = 8C14306715B4A09900A9C1B9 /* NSArray+Helpers.m */; };
		8C14309115B4A09900A9C1B9 /* NSObject+Binding.h in Headers */ = {isa = PBXBuildFile; fileRef = 8C14306815B4A09900A9C1B9 /* NSObject+Binding.h */; settings = {ATTRIBUTES = (); }; };
		8C14309215B4A09900A9C1B9 /* NSObject+Binding.m in Sources */ = {isa = PBXBuildFile; fileRef = 8C14306915B4A09900A9C1B9 /* NSObject+Binding.m */; };
		8C14309315B4A09900A9C1B9 /* NSObject+IOC.h in Headers */ = {isa = PBXBuildFile; fileRef = 8C14306A15B4A09900A9C1B9 /* NSObject+IOC.h */; settings = {ATTRIBUTES = (); }; };
		8C14309415B4A09900A9C1B9 /* NSObject+IOC.m in Sources */ = {isa = PBXBuildFile; fileRef = 8C14306B15B4A09900A9C1B9 /* NSObject+IOC.m */; };
		8C14309515B4A09900A9C1B9 /* NSObject+KVO.h in Headers */ = {isa = PBXBuildFile; fileRef = 8C14306C15B4A09900A9C1B9 /* NSObject+KVO.h */; settings = {ATTRIBUTES = (); }; };
		8C14309615B4A09900A9C1B9 /* NSObject+KVO.m in Sources */ = {isa = PBXBuildFile; fileRef = 8C14306D15B4A09900A9C1B9 /* NSObject+KVO.m */; };
		8C14309715B4A09900A9C1B9 /* NSObject+Properties.h in Headers */ = {isa = PBXBuildFile; fileRef = 8C14306E15B4A09900A9C1B9 /* NSObject+Properties.h */; settings = {ATTRIBUTES = (); }; };
		8C14309815B4A09900A9C1B9 /* NSObject+Properties.m in Sources */ = {isa = PBXBuildFile; fileRef = 8C14306F15B4A09900A9C1B9 /* NSObject+Properties.m */; };
		8C14309915B4A09900A9C1B9 /* NSString+Helpers.h in Headers */ = {isa = PBXBuildFile; fileRef = 8C14307015B4A09900A9C1B9 /* NSString+Helpers.h */; settings = {ATTRIBUTES = (); }; };
		8C14309A15B4A09900A9C1B9 /* NSString+Helpers.m in Sources */ = {isa = PBXBuildFile; fileRef = 8C14307115B4A09900A9C1B9 /* NSString+Helpers.m */; };
		8C14309B15B4A09900A9C1B9 /* NSString+PropertyKVC.h in Headers */ = {isa = PBXBuildFile; fileRef = 8C14307215B4A09900A9C1B9 /* NSString+PropertyKVC.h */; settings = {ATTRIBUTES = (); }; };
		8C14309C15B4A09900A9C1B9 /* NSString+PropertyKVC.m in Sources */ = {isa = PBXBuildFile; fileRef = 8C14307315B4A09900A9C1B9 /* NSString+PropertyKVC.m */; };
		8C14309F15B4A09900A9C1B9 /* ContainerConvention.h in Headers */ = {isa = PBXBuildFile; fileRef = 8C14307715B4A09900A9C1B9 /* ContainerConvention.h */; settings = {ATTRIBUTES = (); }; };
		8C1430A015B4A09900A9C1B9 /* ContainerConvention.m in Sources */ = {isa = PBXBuildFile; fileRef = 8C14307815B4A09900A9C1B9 /* ContainerConvention.m */; };
		8C1430A115B4A09900A9C1B9 /* Mixin.h in Headers */ = {isa = PBXBuildFile; fileRef = 8C14307915B4A09900A9C1B9 /* Mixin.h */; settings = {ATTRIBUTES = (); }; };
		8C1430A215B4A09900A9C1B9 /* Mixin.m in Sources */ = {isa = PBXBuildFile; fileRef = 8C14307A15B4A09900A9C1B9 /* Mixin.m */; };
		8C1430A315B4A09900A9C1B9 /* IdiomContainerConvention.h in Headers */ = {isa = PBXBuildFile; fileRef = 8C14307C15B4A09900A9C1B9 /* IdiomContainerConvention.h */; settings = {ATTRIBUTES = (); }; };
		8C1430A415B4A09900A9C1B9 /* IdiomContainerConvention.m in Sources */ = {isa = PBXBuildFile; fileRef = 8C14307D15B4A09900A9C1B9 /* IdiomContainerConvention.m */; };
		8C1430A515B4A09900A9C1B9 /* MixinClassContainerConvention.h in Headers */ = {isa = PBXBuildFile; fileRef = 8C14307E15B4A09900A9C1B9 /* MixinClassContainerConvention.h */; settings = {ATTRIBUTES = (); }; };
		8C1430A615B4A09900A9C1B9 /* MixinClassContainerConvention.m in Sources */ = {isa = PBXBuildFile; fileRef = 8C14307F15B4A09900A9C1B9 /* MixinClassContainerConvention.m */; };
		8C1430A715B4A09900A9C1B9 /* MixinClassSkipNSContainerConvention.h in Headers */ = {isa = PBXBuildFile; fileRef = 8C14308015B4A09900A9C1B9 /* MixinClassSkipNSContainerConvention.h */; settings = {ATTRIBUTES = (); }; };
		8C1430A815B4A09900A9C1B9 /* MixinClassSkipNSContainerConvention.m in Sources */ = {isa = PBXBuildFile; fileRef = 8C14308115B4A09900A9C1B9 /* MixinClassSkipNSContainerConvention.m */; };
		8C1430A915B4A09900A9C1B9 /* Binder.h in Headers */ = {isa = PBXBuildFile; fileRef = 8C14308315B4A09900A9C1B9 /* Binder.h */; settings = {ATTRIBUTES = (); }; };
		8C1430AA15B4A09900A9C1B9 /* Binder.m in Sources */ = {isa = PBXBuildFile; fileRef = 8C14308415B4A09900A9C1B9 /* Binder.m */; };
		8C1430AB15B4A09900A9C1B9 /* ObjectMap.h in Headers */ = {isa = PBXBuildFile; fileRef = 8C14308515B4A09900A9C1B9 /* ObjectMap.h */; settings = {ATTRIBUTES = (); }; };
		8C1430AC15B4A09900A9C1B9 /* ObjectMap.m in Sources */ = {isa = PBXBuildFile; fileRef = 8C14308615B4A09900A9C1B9 /* ObjectMap.m */; };
		8C1430AD15B4A09900A9C1B9 /* ObjectMapper.h in Headers */ = {isa = PBXBuildFile; fileRef = 8C14308715B4A09900A9C1B9 /* ObjectMapper.h */; settings = {ATTRIBUTES = (); }; };
		8C1430AE15B4A09900A9C1B9 /* ObjectMapper.m in Sources */ = {isa = PBXBuildFile; fileRef = 8C14308815B4A09900A9C1B9 /* ObjectMapper.m */; };
		8C1430AF15B4A09900A9C1B9 /* PropertyInfo.h in Headers */ = {isa = PBXBuildFile; fileRef = 8C14308915B4A09900A9C1B9 /* PropertyInfo.h */; settings = {ATTRIBUTES = (); }; };
		8C1430B015B4A09900A9C1B9 /* PropertyInfo.m in Sources */ = {isa = PBXBuildFile; fileRef = 8C14308A15B4A09900A9C1B9 /* PropertyInfo.m */; };
		8C1430B115B4A09900A9C1B9 /* Reflection.h in Headers */ = {isa = PBXBuildFile; fileRef = 8C14308B15B4A09900A9C1B9 /* Reflection.h */; settings = {ATTRIBUTES = (); }; };
		8C1430B215B4A09900A9C1B9 /* Reflection.m in Sources */ = {isa = PBXBuildFile; fileRef = 8C14308C15B4A09900A9C1B9 /* Reflection.m */; };
		8C1430B315B4A09900A9C1B9 /* TypeInfo.h in Headers */ = {isa = PBXBuildFile; fileRef = 8C14308D15B4A09900A9C1B9 /* TypeInfo.h */; settings = {ATTRIBUTES = (); }; };
		8C1430B415B4A09900A9C1B9 /* TypeInfo.m in Sources */ = {isa = PBXBuildFile; fileRef = 8C14308E15B4A09900A9C1B9 /* TypeInfo.m */; };
		8C1F7B6316382ADB00A2FBBE /* NSData+Base64.h in Headers */ = {isa = PBXBuildFile; fileRef = 8C1F7B6116382ADB00A2FBBE /* NSData+Base64.h */; };
		8C1F7B6416382ADB00A2FBBE /* NSData+Base64.m in Sources */ = {isa = PBXBuildFile; fileRef = 8C1F7B6216382ADB00A2FBBE /* NSData+Base64.m */; };
		8C4391FE168E1968003721D4 /* NSObject+Perform.h in Headers */ = {isa = PBXBuildFile; fileRef = 8C4391FC168E1968003721D4 /* NSObject+Perform.h */; };
		8C4391FF168E1968003721D4 /* NSObject+Perform.m in Sources */ = {isa = PBXBuildFile; fileRef = 8C4391FD168E1968003721D4 /* NSObject+Perform.m */; };
		8C537F7B15D974690066676D /* CoreMeta.h in Headers */ = {isa = PBXBuildFile; fileRef = 8C537F7A15D974690066676D /* CoreMeta.h */; settings = {ATTRIBUTES = (); }; };
		8CDF306E15E524EB0048B6E0 /* NSDictionary+Helpers.h in Headers */ = {isa = PBXBuildFile; fileRef = 8CDF306C15E524EB0048B6E0 /* NSDictionary+Helpers.h */; settings = {ATTRIBUTES = (); }; };
		8CDF306F15E524EB0048B6E0 /* NSDictionary+Helpers.m in Sources */ = {isa = PBXBuildFile; fileRef = 8CDF306D15E524EB0048B6E0 /* NSDictionary+Helpers.m */; };
		BAC2834D4D75328AB1B22F0F /* Container.m in Sources */ = {isa = PBXBuildFile; fileRef = BAC288EAB2AF169079872765 /* Container.m */; };
		BAC28DB7BCBE667CC1DF0063 /* Container.h in Headers */ = {isa = PBXBuildFile; fileRef = BAC28AB994E83243F5CE58EE /* Container.h */; settings = {ATTRIBUTES = (); }; };
/* End PBXBuildFile section */

/* Begin PBXFileReference section */
		8C14303615B4A04500A9C1B9 /* libCoreMeta.a */ = {isa = PBXFileReference; explicitFileType = archive.ar; includeInIndex = 0; path = libCoreMeta.a; sourceTree = BUILT_PRODUCTS_DIR; };
		8C14303915B4A04500A9C1B9 /* Foundation.framework */ = {isa = PBXFileReference; lastKnownFileType = wrapper.framework; name = Foundation.framework; path = System/Library/Frameworks/Foundation.framework; sourceTree = SDKROOT; };
		8C14303D15B4A04500A9C1B9 /* CoreMeta-Prefix.pch */ = {isa = PBXFileReference; lastKnownFileType = sourcecode.c.h; path = "CoreMeta-Prefix.pch"; sourceTree = "<group>"; };
		8C14304715B4A04500A9C1B9 /* SenTestingKit.framework */ = {isa = PBXFileReference; lastKnownFileType = wrapper.framework; name = SenTestingKit.framework; path = Library/Frameworks/SenTestingKit.framework; sourceTree = DEVELOPER_DIR; };
		8C14304915B4A04500A9C1B9 /* UIKit.framework */ = {isa = PBXFileReference; lastKnownFileType = wrapper.framework; name = UIKit.framework; path = Library/Frameworks/UIKit.framework; sourceTree = DEVELOPER_DIR; };
		8C14305115B4A04500A9C1B9 /* CoreMetaTests-Info.plist */ = {isa = PBXFileReference; lastKnownFileType = text.plist.xml; path = "CoreMetaTests-Info.plist"; sourceTree = "<group>"; };
		8C14305315B4A04500A9C1B9 /* en */ = {isa = PBXFileReference; lastKnownFileType = text.plist.strings; name = en; path = en.lproj/InfoPlist.strings; sourceTree = "<group>"; };
		8C14305515B4A04500A9C1B9 /* CoreMetaTests.h */ = {isa = PBXFileReference; lastKnownFileType = sourcecode.c.h; path = CoreMetaTests.h; sourceTree = "<group>"; };
		8C14305615B4A04500A9C1B9 /* CoreMetaTests.m */ = {isa = PBXFileReference; lastKnownFileType = sourcecode.c.objc; path = CoreMetaTests.m; sourceTree = "<group>"; };
		8C14306615B4A09900A9C1B9 /* NSArray+Helpers.h */ = {isa = PBXFileReference; fileEncoding = 4; lastKnownFileType = sourcecode.c.h; path = "NSArray+Helpers.h"; sourceTree = "<group>"; };
		8C14306715B4A09900A9C1B9 /* NSArray+Helpers.m */ = {isa = PBXFileReference; fileEncoding = 4; lastKnownFileType = sourcecode.c.objc; path = "NSArray+Helpers.m"; sourceTree = "<group>"; };
		8C14306815B4A09900A9C1B9 /* NSObject+Binding.h */ = {isa = PBXFileReference; fileEncoding = 4; lastKnownFileType = sourcecode.c.h; path = "NSObject+Binding.h"; sourceTree = "<group>"; };
		8C14306915B4A09900A9C1B9 /* NSObject+Binding.m */ = {isa = PBXFileReference; fileEncoding = 4; lastKnownFileType = sourcecode.c.objc; path = "NSObject+Binding.m"; sourceTree = "<group>"; };
		8C14306A15B4A09900A9C1B9 /* NSObject+IOC.h */ = {isa = PBXFileReference; fileEncoding = 4; lastKnownFileType = sourcecode.c.h; path = "NSObject+IOC.h"; sourceTree = "<group>"; };
		8C14306B15B4A09900A9C1B9 /* NSObject+IOC.m */ = {isa = PBXFileReference; fileEncoding = 4; lastKnownFileType = sourcecode.c.objc; path = "NSObject+IOC.m"; sourceTree = "<group>"; };
		8C14306C15B4A09900A9C1B9 /* NSObject+KVO.h */ = {isa = PBXFileReference; fileEncoding = 4; lastKnownFileType = sourcecode.c.h; path = "NSObject+KVO.h"; sourceTree = "<group>"; };
		8C14306D15B4A09900A9C1B9 /* NSObject+KVO.m */ = {isa = PBXFileReference; fileEncoding = 4; lastKnownFileType = sourcecode.c.objc; path = "NSObject+KVO.m"; sourceTree = "<group>"; };
		8C14306E15B4A09900A9C1B9 /* NSObject+Properties.h */ = {isa = PBXFileReference; fileEncoding = 4; lastKnownFileType = sourcecode.c.h; path = "NSObject+Properties.h"; sourceTree = "<group>"; };
		8C14306F15B4A09900A9C1B9 /* NSObject+Properties.m */ = {isa = PBXFileReference; fileEncoding = 4; lastKnownFileType = sourcecode.c.objc; path = "NSObject+Properties.m"; sourceTree = "<group>"; };
		8C14307015B4A09900A9C1B9 /* NSString+Helpers.h */ = {isa = PBXFileReference; fileEncoding = 4; lastKnownFileType = sourcecode.c.h; path = "NSString+Helpers.h"; sourceTree = "<group>"; };
		8C14307115B4A09900A9C1B9 /* NSString+Helpers.m */ = {isa = PBXFileReference; fileEncoding = 4; lastKnownFileType = sourcecode.c.objc; path = "NSString+Helpers.m"; sourceTree = "<group>"; };
		8C14307215B4A09900A9C1B9 /* NSString+PropertyKVC.h */ = {isa = PBXFileReference; fileEncoding = 4; lastKnownFileType = sourcecode.c.h; path = "NSString+PropertyKVC.h"; sourceTree = "<group>"; };
		8C14307315B4A09900A9C1B9 /* NSString+PropertyKVC.m */ = {isa = PBXFileReference; fileEncoding = 4; lastKnownFileType = sourcecode.c.objc; path = "NSString+PropertyKVC.m"; sourceTree = "<group>"; };
		8C14307715B4A09900A9C1B9 /* ContainerConvention.h */ = {isa = PBXFileReference; fileEncoding = 4; lastKnownFileType = sourcecode.c.h; path = ContainerConvention.h; sourceTree = "<group>"; };
		8C14307815B4A09900A9C1B9 /* ContainerConvention.m */ = {isa = PBXFileReference; fileEncoding = 4; lastKnownFileType = sourcecode.c.objc; path = ContainerConvention.m; sourceTree = "<group>"; };
		8C14307915B4A09900A9C1B9 /* Mixin.h */ = {isa = PBXFileReference; fileEncoding = 4; lastKnownFileType = sourcecode.c.h; path = Mixin.h; sourceTree = "<group>"; };
		8C14307A15B4A09900A9C1B9 /* Mixin.m */ = {isa = PBXFileReference; fileEncoding = 4; lastKnownFileType = sourcecode.c.objc; path = Mixin.m; sourceTree = "<group>"; };
		8C14307C15B4A09900A9C1B9 /* IdiomContainerConvention.h */ = {isa = PBXFileReference; fileEncoding = 4; lastKnownFileType = sourcecode.c.h; path = IdiomContainerConvention.h; sourceTree = "<group>"; };
		8C14307D15B4A09900A9C1B9 /* IdiomContainerConvention.m */ = {isa = PBXFileReference; fileEncoding = 4; lastKnownFileType = sourcecode.c.objc; path = IdiomContainerConvention.m; sourceTree = "<group>"; };
		8C14307E15B4A09900A9C1B9 /* MixinClassContainerConvention.h */ = {isa = PBXFileReference; fileEncoding = 4; lastKnownFileType = sourcecode.c.h; path = MixinClassContainerConvention.h; sourceTree = "<group>"; };
		8C14307F15B4A09900A9C1B9 /* MixinClassContainerConvention.m */ = {isa = PBXFileReference; fileEncoding = 4; lastKnownFileType = sourcecode.c.objc; path = MixinClassContainerConvention.m; sourceTree = "<group>"; };
		8C14308015B4A09900A9C1B9 /* MixinClassSkipNSContainerConvention.h */ = {isa = PBXFileReference; fileEncoding = 4; lastKnownFileType = sourcecode.c.h; path = MixinClassSkipNSContainerConvention.h; sourceTree = "<group>"; };
		8C14308115B4A09900A9C1B9 /* MixinClassSkipNSContainerConvention.m */ = {isa = PBXFileReference; fileEncoding = 4; lastKnownFileType = sourcecode.c.objc; path = MixinClassSkipNSContainerConvention.m; sourceTree = "<group>"; };
		8C14308315B4A09900A9C1B9 /* Binder.h */ = {isa = PBXFileReference; fileEncoding = 4; lastKnownFileType = sourcecode.c.h; path = Binder.h; sourceTree = "<group>"; };
		8C14308415B4A09900A9C1B9 /* Binder.m */ = {isa = PBXFileReference; fileEncoding = 4; lastKnownFileType = sourcecode.c.objc; path = Binder.m; sourceTree = "<group>"; };
		8C14308515B4A09900A9C1B9 /* ObjectMap.h */ = {isa = PBXFileReference; fileEncoding = 4; lastKnownFileType = sourcecode.c.h; path = ObjectMap.h; sourceTree = "<group>"; };
		8C14308615B4A09900A9C1B9 /* ObjectMap.m */ = {isa = PBXFileReference; fileEncoding = 4; lastKnownFileType = sourcecode.c.objc; path = ObjectMap.m; sourceTree = "<group>"; };
		8C14308715B4A09900A9C1B9 /* ObjectMapper.h */ = {isa = PBXFileReference; fileEncoding = 4; lastKnownFileType = sourcecode.c.h; path = ObjectMapper.h; sourceTree = "<group>"; };
		8C14308815B4A09900A9C1B9 /* ObjectMapper.m */ = {isa = PBXFileReference; fileEncoding = 4; lastKnownFileType = sourcecode.c.objc; path = ObjectMapper.m; sourceTree = "<group>"; };
		8C14308915B4A09900A9C1B9 /* PropertyInfo.h */ = {isa = PBXFileReference; fileEncoding = 4; lastKnownFileType = sourcecode.c.h; path = PropertyInfo.h; sourceTree = "<group>"; };
		8C14308A15B4A09900A9C1B9 /* PropertyInfo.m */ = {isa = PBXFileReference; fileEncoding = 4; lastKnownFileType = sourcecode.c.objc; path = PropertyInfo.m; sourceTree = "<group>"; };
		8C14308B15B4A09900A9C1B9 /* Reflection.h */ = {isa = PBXFileReference; fileEncoding = 4; lastKnownFileType = sourcecode.c.h; path = Reflection.h; sourceTree = "<group>"; };
		8C14308C15B4A09900A9C1B9 /* Reflection.m */ = {isa = PBXFileReference; fileEncoding = 4; lastKnownFileType = sourcecode.c.objc; path = Reflection.m; sourceTree = "<group>"; };
		8C14308D15B4A09900A9C1B9 /* TypeInfo.h */ = {isa = PBXFileReference; fileEncoding = 4; lastKnownFileType = sourcecode.c.h; path = TypeInfo.h; sourceTree = "<group>"; };
		8C14308E15B4A09900A9C1B9 /* TypeInfo.m */ = {isa = PBXFileReference; fileEncoding = 4; lastKnownFileType = sourcecode.c.objc; path = TypeInfo.m; sourceTree = "<group>"; };
		8C1F7B6116382ADB00A2FBBE /* NSData+Base64.h */ = {isa = PBXFileReference; fileEncoding = 4; lastKnownFileType = sourcecode.c.h; path = "NSData+Base64.h"; sourceTree = "<group>"; };
		8C1F7B6216382ADB00A2FBBE /* NSData+Base64.m */ = {isa = PBXFileReference; fileEncoding = 4; lastKnownFileType = sourcecode.c.objc; path = "NSData+Base64.m"; sourceTree = "<group>"; };
		8C4391FC168E1968003721D4 /* NSObject+Perform.h */ = {isa = PBXFileReference; fileEncoding = 4; lastKnownFileType = sourcecode.c.h; path = "NSObject+Perform.h"; sourceTree = "<group>"; };
		8C4391FD168E1968003721D4 /* NSObject+Perform.m */ = {isa = PBXFileReference; fileEncoding = 4; lastKnownFileType = sourcecode.c.objc; path = "NSObject+Perform.m"; sourceTree = "<group>"; };
		8C537F7A15D974690066676D /* CoreMeta.h */ = {isa = PBXFileReference; fileEncoding = 4; lastKnownFileType = sourcecode.c.h; path = CoreMeta.h; sourceTree = "<group>"; };
		8CDF306C15E524EB0048B6E0 /* NSDictionary+Helpers.h */ = {isa = PBXFileReference; fileEncoding = 4; lastKnownFileType = sourcecode.c.h; path = "NSDictionary+Helpers.h"; sourceTree = "<group>"; };
		8CDF306D15E524EB0048B6E0 /* NSDictionary+Helpers.m */ = {isa = PBXFileReference; fileEncoding = 4; lastKnownFileType = sourcecode.c.objc; path = "NSDictionary+Helpers.m"; sourceTree = "<group>"; };
		BAC288EAB2AF169079872765 /* Container.m */ = {isa = PBXFileReference; fileEncoding = 4; lastKnownFileType = sourcecode.c.objc; path = Container.m; sourceTree = "<group>"; };
		BAC28AB994E83243F5CE58EE /* Container.h */ = {isa = PBXFileReference; fileEncoding = 4; lastKnownFileType = sourcecode.c.h; path = Container.h; sourceTree = "<group>"; };
/* End PBXFileReference section */

/* Begin PBXFrameworksBuildPhase section */
		8C14303315B4A04500A9C1B9 /* Frameworks */ = {
			isa = PBXFrameworksBuildPhase;
			buildActionMask = 2147483647;
			files = (
				8C14303A15B4A04500A9C1B9 /* Foundation.framework in Frameworks */,
			);
			runOnlyForDeploymentPostprocessing = 0;
		};
/* End PBXFrameworksBuildPhase section */

/* Begin PBXGroup section */
		8C14302B15B4A04500A9C1B9 = {
			isa = PBXGroup;
			children = (
				8C14303B15B4A04500A9C1B9 /* CoreMeta */,
				8C14304F15B4A04500A9C1B9 /* CoreMetaTests */,
				8C14303815B4A04500A9C1B9 /* Frameworks */,
				8C14303715B4A04500A9C1B9 /* Products */,
			);
			sourceTree = "<group>";
		};
		8C14303715B4A04500A9C1B9 /* Products */ = {
			isa = PBXGroup;
			children = (
				8C14303615B4A04500A9C1B9 /* libCoreMeta.a */,
			);
			name = Products;
			sourceTree = "<group>";
		};
		8C14303815B4A04500A9C1B9 /* Frameworks */ = {
			isa = PBXGroup;
			children = (
				8C14303915B4A04500A9C1B9 /* Foundation.framework */,
				8C14304715B4A04500A9C1B9 /* SenTestingKit.framework */,
				8C14304915B4A04500A9C1B9 /* UIKit.framework */,
			);
			name = Frameworks;
			sourceTree = "<group>";
		};
		8C14303B15B4A04500A9C1B9 /* CoreMeta */ = {
			isa = PBXGroup;
			children = (
				8C14306515B4A09900A9C1B9 /* Categories */,
				8C14307415B4A09900A9C1B9 /* IOC */,
				8C14308215B4A09900A9C1B9 /* Meta */,
				8C14306415B4A08700A9C1B9 /* Resources */,
				8C537F7A15D974690066676D /* CoreMeta.h */,
			);
			path = CoreMeta;
			sourceTree = "<group>";
		};
		8C14303C15B4A04500A9C1B9 /* Supporting Files */ = {
			isa = PBXGroup;
			children = (
				8C14303D15B4A04500A9C1B9 /* CoreMeta-Prefix.pch */,
			);
			name = "Supporting Files";
			sourceTree = "<group>";
		};
		8C14304F15B4A04500A9C1B9 /* CoreMetaTests */ = {
			isa = PBXGroup;
			children = (
				8C14305515B4A04500A9C1B9 /* CoreMetaTests.h */,
				8C14305615B4A04500A9C1B9 /* CoreMetaTests.m */,
				8C14305015B4A04500A9C1B9 /* Supporting Files */,
			);
			path = CoreMetaTests;
			sourceTree = "<group>";
		};
		8C14305015B4A04500A9C1B9 /* Supporting Files */ = {
			isa = PBXGroup;
			children = (
				8C14305115B4A04500A9C1B9 /* CoreMetaTests-Info.plist */,
				8C14305215B4A04500A9C1B9 /* InfoPlist.strings */,
			);
			name = "Supporting Files";
			sourceTree = "<group>";
		};
		8C14306415B4A08700A9C1B9 /* Resources */ = {
			isa = PBXGroup;
			children = (
				8C14303C15B4A04500A9C1B9 /* Supporting Files */,
			);
			name = Resources;
			sourceTree = "<group>";
		};
		8C14306515B4A09900A9C1B9 /* Categories */ = {
			isa = PBXGroup;
			children = (
				8C14306615B4A09900A9C1B9 /* NSArray+Helpers.h */,
				8C14306715B4A09900A9C1B9 /* NSArray+Helpers.m */,
				8CDF306C15E524EB0048B6E0 /* NSDictionary+Helpers.h */,
				8CDF306D15E524EB0048B6E0 /* NSDictionary+Helpers.m */,
				8C14306815B4A09900A9C1B9 /* NSObject+Binding.h */,
				8C14306915B4A09900A9C1B9 /* NSObject+Binding.m */,
				8C14306A15B4A09900A9C1B9 /* NSObject+IOC.h */,
				8C14306B15B4A09900A9C1B9 /* NSObject+IOC.m */,
				8C14306C15B4A09900A9C1B9 /* NSObject+KVO.h */,
				8C14306D15B4A09900A9C1B9 /* NSObject+KVO.m */,
				8C14306E15B4A09900A9C1B9 /* NSObject+Properties.h */,
				8C14306F15B4A09900A9C1B9 /* NSObject+Properties.m */,
				8C4391FC168E1968003721D4 /* NSObject+Perform.h */,
				8C4391FD168E1968003721D4 /* NSObject+Perform.m */,
				8C14307015B4A09900A9C1B9 /* NSString+Helpers.h */,
				8C14307115B4A09900A9C1B9 /* NSString+Helpers.m */,
				8C14307215B4A09900A9C1B9 /* NSString+PropertyKVC.h */,
				8C14307315B4A09900A9C1B9 /* NSString+PropertyKVC.m */,
				8C1F7B6116382ADB00A2FBBE /* NSData+Base64.h */,
				8C1F7B6216382ADB00A2FBBE /* NSData+Base64.m */,
			);
			path = Categories;
			sourceTree = "<group>";
		};
		8C14307415B4A09900A9C1B9 /* IOC */ = {
			isa = PBXGroup;
			children = (
				8C14307B15B4A09900A9C1B9 /* Standard Conventions */,
				8C14307715B4A09900A9C1B9 /* ContainerConvention.h */,
				8C14307815B4A09900A9C1B9 /* ContainerConvention.m */,
				8C14307915B4A09900A9C1B9 /* Mixin.h */,
				8C14307A15B4A09900A9C1B9 /* Mixin.m */,
				BAC28AB994E83243F5CE58EE /* Container.h */,
				BAC288EAB2AF169079872765 /* Container.m */,
			);
			path = IOC;
			sourceTree = "<group>";
		};
		8C14307B15B4A09900A9C1B9 /* Standard Conventions */ = {
			isa = PBXGroup;
			children = (
				8C14307C15B4A09900A9C1B9 /* IdiomContainerConvention.h */,
				8C14307D15B4A09900A9C1B9 /* IdiomContainerConvention.m */,
				8C14307E15B4A09900A9C1B9 /* MixinClassContainerConvention.h */,
				8C14307F15B4A09900A9C1B9 /* MixinClassContainerConvention.m */,
				8C14308015B4A09900A9C1B9 /* MixinClassSkipNSContainerConvention.h */,
				8C14308115B4A09900A9C1B9 /* MixinClassSkipNSContainerConvention.m */,
			);
			path = "Standard Conventions";
			sourceTree = "<group>";
		};
		8C14308215B4A09900A9C1B9 /* Meta */ = {
			isa = PBXGroup;
			children = (
				8C14308315B4A09900A9C1B9 /* Binder.h */,
				8C14308415B4A09900A9C1B9 /* Binder.m */,
				8C14308515B4A09900A9C1B9 /* ObjectMap.h */,
				8C14308615B4A09900A9C1B9 /* ObjectMap.m */,
				8C14308715B4A09900A9C1B9 /* ObjectMapper.h */,
				8C14308815B4A09900A9C1B9 /* ObjectMapper.m */,
				8C14308915B4A09900A9C1B9 /* PropertyInfo.h */,
				8C14308A15B4A09900A9C1B9 /* PropertyInfo.m */,
				8C14308B15B4A09900A9C1B9 /* Reflection.h */,
				8C14308C15B4A09900A9C1B9 /* Reflection.m */,
				8C14308D15B4A09900A9C1B9 /* TypeInfo.h */,
				8C14308E15B4A09900A9C1B9 /* TypeInfo.m */,
			);
			path = Meta;
			sourceTree = "<group>";
		};
/* End PBXGroup section */

/* Begin PBXHeadersBuildPhase section */
		8C14303415B4A04500A9C1B9 /* Headers */ = {
			isa = PBXHeadersBuildPhase;
			buildActionMask = 2147483647;
			files = (
				8C537F7B15D974690066676D /* CoreMeta.h in Headers */,
				8C14308F15B4A09900A9C1B9 /* NSArray+Helpers.h in Headers */,
				8CDF306E15E524EB0048B6E0 /* NSDictionary+Helpers.h in Headers */,
				8C14309915B4A09900A9C1B9 /* NSString+Helpers.h in Headers */,
				8C14309115B4A09900A9C1B9 /* NSObject+Binding.h in Headers */,
				8C14309315B4A09900A9C1B9 /* NSObject+IOC.h in Headers */,
				8C14309515B4A09900A9C1B9 /* NSObject+KVO.h in Headers */,
				8C14309715B4A09900A9C1B9 /* NSObject+Properties.h in Headers */,
				8C14309B15B4A09900A9C1B9 /* NSString+PropertyKVC.h in Headers */,
				8C14309F15B4A09900A9C1B9 /* ContainerConvention.h in Headers */,
				8C1430A115B4A09900A9C1B9 /* Mixin.h in Headers */,
				8C1430A315B4A09900A9C1B9 /* IdiomContainerConvention.h in Headers */,
				8C1430A515B4A09900A9C1B9 /* MixinClassContainerConvention.h in Headers */,
				8C1430A715B4A09900A9C1B9 /* MixinClassSkipNSContainerConvention.h in Headers */,
				8C1430A915B4A09900A9C1B9 /* Binder.h in Headers */,
				8C1430AB15B4A09900A9C1B9 /* ObjectMap.h in Headers */,
				8C1430AD15B4A09900A9C1B9 /* ObjectMapper.h in Headers */,
				8C1430AF15B4A09900A9C1B9 /* PropertyInfo.h in Headers */,
				8C1430B115B4A09900A9C1B9 /* Reflection.h in Headers */,
				8C1430B315B4A09900A9C1B9 /* TypeInfo.h in Headers */,
				8C1F7B6316382ADB00A2FBBE /* NSData+Base64.h in Headers */,
				8C4391FE168E1968003721D4 /* NSObject+Perform.h in Headers */,
				BAC28DB7BCBE667CC1DF0063 /* Container.h in Headers */,
			);
			runOnlyForDeploymentPostprocessing = 0;
		};
/* End PBXHeadersBuildPhase section */

/* Begin PBXNativeTarget section */
		8C14303515B4A04500A9C1B9 /* CoreMeta */ = {
			isa = PBXNativeTarget;
			buildConfigurationList = 8C14305A15B4A04500A9C1B9 /* Build configuration list for PBXNativeTarget "CoreMeta" */;
			buildPhases = (
				8C14303215B4A04500A9C1B9 /* Sources */,
				8C14303315B4A04500A9C1B9 /* Frameworks */,
				8C14303415B4A04500A9C1B9 /* Headers */,
			);
			buildRules = (
			);
			dependencies = (
			);
			name = CoreMeta;
			productName = CoreMeta;
			productReference = 8C14303615B4A04500A9C1B9 /* libCoreMeta.a */;
			productType = "com.apple.product-type.library.static";
		};
/* End PBXNativeTarget section */

/* Begin PBXProject section */
		8C14302D15B4A04500A9C1B9 /* Project object */ = {
			isa = PBXProject;
			attributes = {
				LastTestingUpgradeCheck = 0510;
				LastUpgradeCheck = 0600;
				ORGANIZATIONNAME = "TrueFit Solutions";
			};
			buildConfigurationList = 8C14303015B4A04500A9C1B9 /* Build configuration list for PBXProject "CoreMeta" */;
			compatibilityVersion = "Xcode 3.2";
			developmentRegion = English;
			hasScannedForEncodings = 0;
			knownRegions = (
				en,
			);
			mainGroup = 8C14302B15B4A04500A9C1B9;
			productRefGroup = 8C14303715B4A04500A9C1B9 /* Products */;
			projectDirPath = "";
			projectRoot = "";
			targets = (
				8C14303515B4A04500A9C1B9 /* CoreMeta */,
			);
		};
/* End PBXProject section */

/* Begin PBXSourcesBuildPhase section */
		8C14303215B4A04500A9C1B9 /* Sources */ = {
			isa = PBXSourcesBuildPhase;
			buildActionMask = 2147483647;
			files = (
				8C14309015B4A09900A9C1B9 /* NSArray+Helpers.m in Sources */,
				8C14309215B4A09900A9C1B9 /* NSObject+Binding.m in Sources */,
				8C14309415B4A09900A9C1B9 /* NSObject+IOC.m in Sources */,
				8C14309615B4A09900A9C1B9 /* NSObject+KVO.m in Sources */,
				8C14309815B4A09900A9C1B9 /* NSObject+Properties.m in Sources */,
				8C14309A15B4A09900A9C1B9 /* NSString+Helpers.m in Sources */,
				8C14309C15B4A09900A9C1B9 /* NSString+PropertyKVC.m in Sources */,
				8C1430A015B4A09900A9C1B9 /* ContainerConvention.m in Sources */,
				8C1430A215B4A09900A9C1B9 /* Mixin.m in Sources */,
				8C1430A415B4A09900A9C1B9 /* IdiomContainerConvention.m in Sources */,
				8C1430A615B4A09900A9C1B9 /* MixinClassContainerConvention.m in Sources */,
				8C1430A815B4A09900A9C1B9 /* MixinClassSkipNSContainerConvention.m in Sources */,
				8C1430AA15B4A09900A9C1B9 /* Binder.m in Sources */,
				8C1430AC15B4A09900A9C1B9 /* ObjectMap.m in Sources */,
				8C1430AE15B4A09900A9C1B9 /* ObjectMapper.m in Sources */,
				8C1430B015B4A09900A9C1B9 /* PropertyInfo.m in Sources */,
				8C1430B215B4A09900A9C1B9 /* Reflection.m in Sources */,
				8C1430B415B4A09900A9C1B9 /* TypeInfo.m in Sources */,
				8CDF306F15E524EB0048B6E0 /* NSDictionary+Helpers.m in Sources */,
				8C1F7B6416382ADB00A2FBBE /* NSData+Base64.m in Sources */,
				8C4391FF168E1968003721D4 /* NSObject+Perform.m in Sources */,
				BAC2834D4D75328AB1B22F0F /* Container.m in Sources */,
			);
			runOnlyForDeploymentPostprocessing = 0;
		};
/* End PBXSourcesBuildPhase section */

/* Begin PBXVariantGroup section */
		8C14305215B4A04500A9C1B9 /* InfoPlist.strings */ = {
			isa = PBXVariantGroup;
			children = (
				8C14305315B4A04500A9C1B9 /* en */,
			);
			name = InfoPlist.strings;
			sourceTree = "<group>";
		};
/* End PBXVariantGroup section */

/* Begin XCBuildConfiguration section */
		8C14305815B4A04500A9C1B9 /* Debug */ = {
			isa = XCBuildConfiguration;
			buildSettings = {
				ALWAYS_SEARCH_USER_PATHS = NO;
				CLANG_ENABLE_OBJC_ARC = YES;
				CLANG_WARN_BOOL_CONVERSION = YES;
				CLANG_WARN_CONSTANT_CONVERSION = YES;
				CLANG_WARN_EMPTY_BODY = YES;
				CLANG_WARN_ENUM_CONVERSION = YES;
				CLANG_WARN_INT_CONVERSION = YES;
				CLANG_WARN_UNREACHABLE_CODE = YES;
				CLANG_WARN__DUPLICATE_METHOD_MATCH = YES;
				COPY_PHASE_STRIP = NO;
				ENABLE_STRICT_OBJC_MSGSEND = YES;
				GCC_C_LANGUAGE_STANDARD = gnu99;
				GCC_DYNAMIC_NO_PIC = NO;
				GCC_OPTIMIZATION_LEVEL = 0;
				GCC_PREPROCESSOR_DEFINITIONS = (
					"DEBUG=1",
					"$(inherited)",
				);
				GCC_SYMBOLS_PRIVATE_EXTERN = NO;
				GCC_VERSION = com.apple.compilers.llvm.clang.1_0;
				GCC_WARN_64_TO_32_BIT_CONVERSION = YES;
				GCC_WARN_ABOUT_RETURN_TYPE = YES;
				GCC_WARN_UNDECLARED_SELECTOR = YES;
				GCC_WARN_UNINITIALIZED_AUTOS = YES;
				GCC_WARN_UNUSED_FUNCTION = YES;
				GCC_WARN_UNUSED_VARIABLE = YES;
				IPHONEOS_DEPLOYMENT_TARGET = 7.0;
				ONLY_ACTIVE_ARCH = YES;
				SDKROOT = iphoneos;
			};
			name = Debug;
		};
		8C14305915B4A04500A9C1B9 /* Release */ = {
			isa = XCBuildConfiguration;
			buildSettings = {
				ALWAYS_SEARCH_USER_PATHS = NO;
				CLANG_ENABLE_OBJC_ARC = YES;
				CLANG_WARN_BOOL_CONVERSION = YES;
				CLANG_WARN_CONSTANT_CONVERSION = YES;
				CLANG_WARN_EMPTY_BODY = YES;
				CLANG_WARN_ENUM_CONVERSION = YES;
				CLANG_WARN_INT_CONVERSION = YES;
				CLANG_WARN_UNREACHABLE_CODE = YES;
				CLANG_WARN__DUPLICATE_METHOD_MATCH = YES;
				COPY_PHASE_STRIP = YES;
				ENABLE_STRICT_OBJC_MSGSEND = YES;
				GCC_C_LANGUAGE_STANDARD = gnu99;
				GCC_VERSION = com.apple.compilers.llvm.clang.1_0;
				GCC_WARN_64_TO_32_BIT_CONVERSION = YES;
				GCC_WARN_ABOUT_RETURN_TYPE = YES;
				GCC_WARN_UNDECLARED_SELECTOR = YES;
				GCC_WARN_UNINITIALIZED_AUTOS = YES;
				GCC_WARN_UNUSED_FUNCTION = YES;
				GCC_WARN_UNUSED_VARIABLE = YES;
				IPHONEOS_DEPLOYMENT_TARGET = 7.0;
				SDKROOT = iphoneos;
				VALIDATE_PRODUCT = YES;
			};
			name = Release;
		};
		8C14305B15B4A04500A9C1B9 /* Debug */ = {
			isa = XCBuildConfiguration;
			buildSettings = {
				CLANG_ENABLE_MODULES = YES;
				DSTROOT = /tmp/CoreMeta.dst;
				GCC_PRECOMPILE_PREFIX_HEADER = YES;
				GCC_PREFIX_HEADER = "CoreMeta/CoreMeta-Prefix.pch";
				ONLY_ACTIVE_ARCH = NO;
				OTHER_LDFLAGS = "";
				PRODUCT_NAME = "$(TARGET_NAME)";
				SKIP_INSTALL = YES;
			};
			name = Debug;
		};
		8C14305C15B4A04500A9C1B9 /* Release */ = {
			isa = XCBuildConfiguration;
			buildSettings = {
				CLANG_ENABLE_MODULES = YES;
				DSTROOT = /tmp/CoreMeta.dst;
				GCC_PRECOMPILE_PREFIX_HEADER = YES;
				GCC_PREFIX_HEADER = "CoreMeta/CoreMeta-Prefix.pch";
				OTHER_LDFLAGS = "";
				PRODUCT_NAME = "$(TARGET_NAME)";
				SKIP_INSTALL = YES;
			};
			name = Release;
		};
/* End XCBuildConfiguration section */

/* Begin XCConfigurationList section */
		8C14303015B4A04500A9C1B9 /* Build configuration list for PBXProject "CoreMeta" */ = {
			isa = XCConfigurationList;
			buildConfigurations = (
				8C14305815B4A04500A9C1B9 /* Debug */,
				8C14305915B4A04500A9C1B9 /* Release */,
			);
			defaultConfigurationIsVisible = 0;
			defaultConfigurationName = Release;
		};
		8C14305A15B4A04500A9C1B9 /* Build configuration list for PBXNativeTarget "CoreMeta" */ = {
			isa = XCConfigurationList;
			buildConfigurations = (
				8C14305B15B4A04500A9C1B9 /* Debug */,
				8C14305C15B4A04500A9C1B9 /* Release */,
			);
			defaultConfigurationIsVisible = 0;
			defaultConfigurationName = Release;
		};
/* End XCConfigurationList section */
	};
	rootObject = 8C14302D15B4A04500A9C1B9 /* Project object */;
}
