// !$*UTF8*$!
{
	archiveVersion = 1;
	classes = {
	};
	objectVersion = 46;
	objects = {

/* Begin PBXBuildFile section */
		8C14319215B4B67400A9C1B9 /* iPadMainVC.m in Sources */ = {isa = PBXBuildFile; fileRef = 8C14318615B4B67400A9C1B9 /* iPadMainVC.m */; };
		8C14319315B4B67400A9C1B9 /* iPhoneMainVC.m in Sources */ = {isa = PBXBuildFile; fileRef = 8C14318915B4B67400A9C1B9 /* iPhoneMainVC.m */; };
		8C14319415B4B67400A9C1B9 /* MainVC.m in Sources */ = {isa = PBXBuildFile; fileRef = 8C14318B15B4B67400A9C1B9 /* MainVC.m */; };
		8C14319515B4B67400A9C1B9 /* iPadMainVC.xib in Resources */ = {isa = PBXBuildFile; fileRef = 8C14318F15B4B67400A9C1B9 /* iPadMainVC.xib */; };
		8C14319615B4B67400A9C1B9 /* iPhoneMainVC.xib in Resources */ = {isa = PBXBuildFile; fileRef = 8C14319115B4B67400A9C1B9 /* iPhoneMainVC.xib */; };
		8C1431CB15B4B98C00A9C1B9 /* ContainerConfiguration.m in Sources */ = {isa = PBXBuildFile; fileRef = 8C1431CA15B4B98C00A9C1B9 /* ContainerConfiguration.m */; };
		8C1431CC15B4B9A400A9C1B9 /* libCoreMeta.a in Frameworks */ = {isa = PBXBuildFile; fileRef = 8C1431C615B4B94500A9C1B9 /* libCoreMeta.a */; };
		8CB5C01415D9FFB200E83780 /* ExampleService.m in Sources */ = {isa = PBXBuildFile; fileRef = 8CB5C01315D9FFB200E83780 /* ExampleService.m */; };
		8CB5C01815DA000C00E83780 /* ExampleRepository.m in Sources */ = {isa = PBXBuildFile; fileRef = 8CB5C01715DA000C00E83780 /* ExampleRepository.m */; };
		8CB8D89514F5D025003E91E5 /* UIKit.framework in Frameworks */ = {isa = PBXBuildFile; fileRef = 8CB8D89414F5D025003E91E5 /* UIKit.framework */; };
		8CB8D89714F5D025003E91E5 /* Foundation.framework in Frameworks */ = {isa = PBXBuildFile; fileRef = 8CB8D89614F5D025003E91E5 /* Foundation.framework */; };
		8CB8D89914F5D025003E91E5 /* CoreGraphics.framework in Frameworks */ = {isa = PBXBuildFile; fileRef = 8CB8D89814F5D025003E91E5 /* CoreGraphics.framework */; };
		8CB8D89F14F5D025003E91E5 /* InfoPlist.strings in Resources */ = {isa = PBXBuildFile; fileRef = 8CB8D89D14F5D025003E91E5 /* InfoPlist.strings */; };
		8CB8D8A114F5D025003E91E5 /* main.m in Sources */ = {isa = PBXBuildFile; fileRef = 8CB8D8A014F5D025003E91E5 /* main.m */; };
		8CB8D8A514F5D025003E91E5 /* AppDelegate.m in Sources */ = {isa = PBXBuildFile; fileRef = 8CB8D8A414F5D025003E91E5 /* AppDelegate.m */; };
/* End PBXBuildFile section */

/* Begin PBXContainerItemProxy section */
		8C1431C515B4B94500A9C1B9 /* PBXContainerItemProxy */ = {
			isa = PBXContainerItemProxy;
			containerPortal = 8C1431BD15B4B94500A9C1B9 /* CoreMeta.xcodeproj */;
			proxyType = 2;
			remoteGlobalIDString = 8C14303615B4A04500A9C1B9;
			remoteInfo = CoreMeta;
		};
		8C1431C715B4B94500A9C1B9 /* PBXContainerItemProxy */ = {
			isa = PBXContainerItemProxy;
			containerPortal = 8C1431BD15B4B94500A9C1B9 /* CoreMeta.xcodeproj */;
			proxyType = 2;
			remoteGlobalIDString = 8C14304615B4A04500A9C1B9;
			remoteInfo = CoreMetaTests;
		};
		8C1431CD15B4B9AA00A9C1B9 /* PBXContainerItemProxy */ = {
			isa = PBXContainerItemProxy;
			containerPortal = 8C1431BD15B4B94500A9C1B9 /* CoreMeta.xcodeproj */;
			proxyType = 1;
			remoteGlobalIDString = 8C14303515B4A04500A9C1B9;
			remoteInfo = CoreMeta;
		};
/* End PBXContainerItemProxy section */

/* Begin PBXFileReference section */
		8C14318515B4B67400A9C1B9 /* iPadMainVC.h */ = {isa = PBXFileReference; fileEncoding = 4; lastKnownFileType = sourcecode.c.h; path = iPadMainVC.h; sourceTree = "<group>"; };
		8C14318615B4B67400A9C1B9 /* iPadMainVC.m */ = {isa = PBXFileReference; fileEncoding = 4; lastKnownFileType = sourcecode.c.objc; path = iPadMainVC.m; sourceTree = "<group>"; };
		8C14318815B4B67400A9C1B9 /* iPhoneMainVC.h */ = {isa = PBXFileReference; fileEncoding = 4; lastKnownFileType = sourcecode.c.h; path = iPhoneMainVC.h; sourceTree = "<group>"; };
		8C14318915B4B67400A9C1B9 /* iPhoneMainVC.m */ = {isa = PBXFileReference; fileEncoding = 4; lastKnownFileType = sourcecode.c.objc; path = iPhoneMainVC.m; sourceTree = "<group>"; };
		8C14318A15B4B67400A9C1B9 /* MainVC.h */ = {isa = PBXFileReference; fileEncoding = 4; lastKnownFileType = sourcecode.c.h; path = MainVC.h; sourceTree = "<group>"; };
		8C14318B15B4B67400A9C1B9 /* MainVC.m */ = {isa = PBXFileReference; fileEncoding = 4; lastKnownFileType = sourcecode.c.objc; path = MainVC.m; sourceTree = "<group>"; };
		8C14318F15B4B67400A9C1B9 /* iPadMainVC.xib */ = {isa = PBXFileReference; fileEncoding = 4; lastKnownFileType = file.xib; path = iPadMainVC.xib; sourceTree = "<group>"; };
		8C14319115B4B67400A9C1B9 /* iPhoneMainVC.xib */ = {isa = PBXFileReference; fileEncoding = 4; lastKnownFileType = file.xib; path = iPhoneMainVC.xib; sourceTree = "<group>"; };
		8C1431BD15B4B94500A9C1B9 /* CoreMeta.xcodeproj */ = {isa = PBXFileReference; lastKnownFileType = "wrapper.pb-project"; name = CoreMeta.xcodeproj; path = ../CoreMeta/CoreMeta.xcodeproj; sourceTree = "<group>"; };
		8C1431C915B4B98C00A9C1B9 /* ContainerConfiguration.h */ = {isa = PBXFileReference; fileEncoding = 4; lastKnownFileType = sourcecode.c.h; name = ContainerConfiguration.h; path = Services/ContainerConfiguration.h; sourceTree = "<group>"; };
		8C1431CA15B4B98C00A9C1B9 /* ContainerConfiguration.m */ = {isa = PBXFileReference; fileEncoding = 4; lastKnownFileType = sourcecode.c.objc; name = ContainerConfiguration.m; path = Services/ContainerConfiguration.m; sourceTree = "<group>"; };
		8CB5C01215D9FFB200E83780 /* ExampleService.h */ = {isa = PBXFileReference; fileEncoding = 4; lastKnownFileType = sourcecode.c.h; name = ExampleService.h; path = Services/ExampleService.h; sourceTree = "<group>"; };
		8CB5C01315D9FFB200E83780 /* ExampleService.m */ = {isa = PBXFileReference; fileEncoding = 4; lastKnownFileType = sourcecode.c.objc; name = ExampleService.m; path = Services/ExampleService.m; sourceTree = "<group>"; };
		8CB5C01615DA000C00E83780 /* ExampleRepository.h */ = {isa = PBXFileReference; fileEncoding = 4; lastKnownFileType = sourcecode.c.h; name = ExampleRepository.h; path = Repositories/ExampleRepository.h; sourceTree = "<group>"; };
		8CB5C01715DA000C00E83780 /* ExampleRepository.m */ = {isa = PBXFileReference; fileEncoding = 4; lastKnownFileType = sourcecode.c.objc; name = ExampleRepository.m; path = Repositories/ExampleRepository.m; sourceTree = "<group>"; };
		8CB8D89014F5D025003E91E5 /* UniversalExample.app */ = {isa = PBXFileReference; explicitFileType = wrapper.application; includeInIndex = 0; path = UniversalExample.app; sourceTree = BUILT_PRODUCTS_DIR; };
		8CB8D89414F5D025003E91E5 /* UIKit.framework */ = {isa = PBXFileReference; lastKnownFileType = wrapper.framework; name = UIKit.framework; path = System/Library/Frameworks/UIKit.framework; sourceTree = SDKROOT; };
		8CB8D89614F5D025003E91E5 /* Foundation.framework */ = {isa = PBXFileReference; lastKnownFileType = wrapper.framework; name = Foundation.framework; path = System/Library/Frameworks/Foundation.framework; sourceTree = SDKROOT; };
		8CB8D89814F5D025003E91E5 /* CoreGraphics.framework */ = {isa = PBXFileReference; lastKnownFileType = wrapper.framework; name = CoreGraphics.framework; path = System/Library/Frameworks/CoreGraphics.framework; sourceTree = SDKROOT; };
		8CB8D89C14F5D025003E91E5 /* UniversalExample-Info.plist */ = {isa = PBXFileReference; lastKnownFileType = text.plist.xml; path = "UniversalExample-Info.plist"; sourceTree = "<group>"; };
		8CB8D89E14F5D025003E91E5 /* en */ = {isa = PBXFileReference; lastKnownFileType = text.plist.strings; name = en; path = en.lproj/InfoPlist.strings; sourceTree = "<group>"; };
		8CB8D8A014F5D025003E91E5 /* main.m */ = {isa = PBXFileReference; lastKnownFileType = sourcecode.c.objc; path = main.m; sourceTree = "<group>"; };
		8CB8D8A214F5D025003E91E5 /* UniversalExample-Prefix.pch */ = {isa = PBXFileReference; lastKnownFileType = sourcecode.c.h; path = "UniversalExample-Prefix.pch"; sourceTree = "<group>"; };
		8CB8D8A314F5D025003E91E5 /* AppDelegate.h */ = {isa = PBXFileReference; lastKnownFileType = sourcecode.c.h; name = AppDelegate.h; path = ../AppDelegate.h; sourceTree = "<group>"; };
		8CB8D8A414F5D025003E91E5 /* AppDelegate.m */ = {isa = PBXFileReference; lastKnownFileType = sourcecode.c.objc; name = AppDelegate.m; path = ../AppDelegate.m; sourceTree = "<group>"; };
/* End PBXFileReference section */

/* Begin PBXFrameworksBuildPhase section */
		8CB8D88D14F5D025003E91E5 /* Frameworks */ = {
			isa = PBXFrameworksBuildPhase;
			buildActionMask = 2147483647;
			files = (
				8C1431CC15B4B9A400A9C1B9 /* libCoreMeta.a in Frameworks */,
				8CB8D89514F5D025003E91E5 /* UIKit.framework in Frameworks */,
				8CB8D89714F5D025003E91E5 /* Foundation.framework in Frameworks */,
				8CB8D89914F5D025003E91E5 /* CoreGraphics.framework in Frameworks */,
			);
			runOnlyForDeploymentPostprocessing = 0;
		};
/* End PBXFrameworksBuildPhase section */

/* Begin PBXGroup section */
		8C14315815B4B29B00A9C1B9 /* Resources */ = {
			isa = PBXGroup;
			children = (
				8CB8D89B14F5D025003E91E5 /* Supporting Files */,
			);
			name = Resources;
			sourceTree = "<group>";
		};
		8C14318315B4B67400A9C1B9 /* Controllers */ = {
			isa = PBXGroup;
			children = (
				8C14318415B4B67400A9C1B9 /* iPad */,
				8C14318715B4B67400A9C1B9 /* iPhone */,
				8CB8D8A314F5D025003E91E5 /* AppDelegate.h */,
				8CB8D8A414F5D025003E91E5 /* AppDelegate.m */,
				8C14318A15B4B67400A9C1B9 /* MainVC.h */,
				8C14318B15B4B67400A9C1B9 /* MainVC.m */,
			);
			path = Controllers;
			sourceTree = "<group>";
		};
		8C14318415B4B67400A9C1B9 /* iPad */ = {
			isa = PBXGroup;
			children = (
				8C14318515B4B67400A9C1B9 /* iPadMainVC.h */,
				8C14318615B4B67400A9C1B9 /* iPadMainVC.m */,
			);
			path = iPad;
			sourceTree = "<group>";
		};
		8C14318715B4B67400A9C1B9 /* iPhone */ = {
			isa = PBXGroup;
			children = (
				8C14318815B4B67400A9C1B9 /* iPhoneMainVC.h */,
				8C14318915B4B67400A9C1B9 /* iPhoneMainVC.m */,
			);
			path = iPhone;
			sourceTree = "<group>";
		};
		8C14318C15B4B67400A9C1B9 /* Models */ = {
			isa = PBXGroup;
			children = (
			);
			path = Models;
			sourceTree = "<group>";
		};
		8C14318D15B4B67400A9C1B9 /* Views */ = {
			isa = PBXGroup;
			children = (
				8C14318E15B4B67400A9C1B9 /* iPad */,
				8C14319015B4B67400A9C1B9 /* iPhone */,
			);
			path = Views;
			sourceTree = "<group>";
		};
		8C14318E15B4B67400A9C1B9 /* iPad */ = {
			isa = PBXGroup;
			children = (
				8C14318F15B4B67400A9C1B9 /* iPadMainVC.xib */,
			);
			path = iPad;
			sourceTree = "<group>";
		};
		8C14319015B4B67400A9C1B9 /* iPhone */ = {
			isa = PBXGroup;
			children = (
				8C14319115B4B67400A9C1B9 /* iPhoneMainVC.xib */,
			);
			path = iPhone;
			sourceTree = "<group>";
		};
		8C1431B915B4B8E900A9C1B9 /* Services */ = {
			isa = PBXGroup;
			children = (
				8C1431C915B4B98C00A9C1B9 /* ContainerConfiguration.h */,
				8C1431CA15B4B98C00A9C1B9 /* ContainerConfiguration.m */,
				8CB5C01215D9FFB200E83780 /* ExampleService.h */,
				8CB5C01315D9FFB200E83780 /* ExampleService.m */,
			);
			name = Services;
			sourceTree = "<group>";
		};
		8C1431BE15B4B94500A9C1B9 /* Products */ = {
			isa = PBXGroup;
			children = (
				8C1431C615B4B94500A9C1B9 /* libCoreMeta.a */,
				8C1431C815B4B94500A9C1B9 /* CoreMetaTests.octest */,
			);
			name = Products;
			sourceTree = "<group>";
		};
		8CB5C01515D9FFF300E83780 /* Repositories */ = {
			isa = PBXGroup;
			children = (
				8CB5C01615DA000C00E83780 /* ExampleRepository.h */,
				8CB5C01715DA000C00E83780 /* ExampleRepository.m */,
			);
			name = Repositories;
			sourceTree = "<group>";
		};
		8CB8D88514F5D025003E91E5 = {
			isa = PBXGroup;
			children = (
				8CB8D89314F5D025003E91E5 /* Frameworks */,
				8CB8D89A14F5D025003E91E5 /* UniversalExample */,
				8CB8D89114F5D025003E91E5 /* Products */,
			);
			sourceTree = "<group>";
		};
		8CB8D89114F5D025003E91E5 /* Products */ = {
			isa = PBXGroup;
			children = (
				8CB8D89014F5D025003E91E5 /* UniversalExample.app */,
			);
			name = Products;
			sourceTree = "<group>";
		};
		8CB8D89314F5D025003E91E5 /* Frameworks */ = {
			isa = PBXGroup;
			children = (
				8C1431BD15B4B94500A9C1B9 /* CoreMeta.xcodeproj */,
				8CB8D89414F5D025003E91E5 /* UIKit.framework */,
				8CB8D89614F5D025003E91E5 /* Foundation.framework */,
				8CB8D89814F5D025003E91E5 /* CoreGraphics.framework */,
			);
			name = Frameworks;
			sourceTree = "<group>";
		};
		8CB8D89A14F5D025003E91E5 /* UniversalExample */ = {
			isa = PBXGroup;
			children = (
				8CB5C01515D9FFF300E83780 /* Repositories */,
				8C1431B915B4B8E900A9C1B9 /* Services */,
				8C14318C15B4B67400A9C1B9 /* Models */,
				8C14318315B4B67400A9C1B9 /* Controllers */,
				8C14318D15B4B67400A9C1B9 /* Views */,
				8C14315815B4B29B00A9C1B9 /* Resources */,
			);
			path = UniversalExample;
			sourceTree = "<group>";
		};
		8CB8D89B14F5D025003E91E5 /* Supporting Files */ = {
			isa = PBXGroup;
			children = (
				8CB8D89C14F5D025003E91E5 /* UniversalExample-Info.plist */,
				8CB8D89D14F5D025003E91E5 /* InfoPlist.strings */,
				8CB8D8A014F5D025003E91E5 /* main.m */,
				8CB8D8A214F5D025003E91E5 /* UniversalExample-Prefix.pch */,
			);
			name = "Supporting Files";
			sourceTree = "<group>";
		};
/* End PBXGroup section */

/* Begin PBXNativeTarget section */
		8CB8D88F14F5D025003E91E5 /* UniversalExample */ = {
			isa = PBXNativeTarget;
			buildConfigurationList = 8CB8D8A814F5D025003E91E5 /* Build configuration list for PBXNativeTarget "UniversalExample" */;
			buildPhases = (
				8CB8D88C14F5D025003E91E5 /* Sources */,
				8CB8D88D14F5D025003E91E5 /* Frameworks */,
				8CB8D88E14F5D025003E91E5 /* Resources */,
			);
			buildRules = (
			);
			dependencies = (
				8C1431CE15B4B9AA00A9C1B9 /* PBXTargetDependency */,
			);
			name = UniversalExample;
			productName = UniversalExample;
			productReference = 8CB8D89014F5D025003E91E5 /* UniversalExample.app */;
			productType = "com.apple.product-type.application";
		};
/* End PBXNativeTarget section */

/* Begin PBXProject section */
		8CB8D88714F5D025003E91E5 /* Project object */ = {
			isa = PBXProject;
			attributes = {
				LastUpgradeCheck = 0430;
				ORGANIZATIONNAME = "TrueFit Solutions";
			};
			buildConfigurationList = 8CB8D88A14F5D025003E91E5 /* Build configuration list for PBXProject "UniversalExample" */;
			compatibilityVersion = "Xcode 3.2";
			developmentRegion = English;
			hasScannedForEncodings = 0;
			knownRegions = (
				en,
			);
			mainGroup = 8CB8D88514F5D025003E91E5;
			productRefGroup = 8CB8D89114F5D025003E91E5 /* Products */;
			projectDirPath = "";
			projectReferences = (
				{
					ProductGroup = 8C1431BE15B4B94500A9C1B9 /* Products */;
					ProjectRef = 8C1431BD15B4B94500A9C1B9 /* CoreMeta.xcodeproj */;
				},
			);
			projectRoot = "";
			targets = (
				8CB8D88F14F5D025003E91E5 /* UniversalExample */,
			);
		};
/* End PBXProject section */

/* Begin PBXReferenceProxy section */
		8C1431C615B4B94500A9C1B9 /* libCoreMeta.a */ = {
			isa = PBXReferenceProxy;
			fileType = archive.ar;
			path = libCoreMeta.a;
			remoteRef = 8C1431C515B4B94500A9C1B9 /* PBXContainerItemProxy */;
			sourceTree = BUILT_PRODUCTS_DIR;
		};
		8C1431C815B4B94500A9C1B9 /* CoreMetaTests.octest */ = {
			isa = PBXReferenceProxy;
			fileType = wrapper.cfbundle;
			path = CoreMetaTests.octest;
			remoteRef = 8C1431C715B4B94500A9C1B9 /* PBXContainerItemProxy */;
			sourceTree = BUILT_PRODUCTS_DIR;
		};
/* End PBXReferenceProxy section */

/* Begin PBXResourcesBuildPhase section */
		8CB8D88E14F5D025003E91E5 /* Resources */ = {
			isa = PBXResourcesBuildPhase;
			buildActionMask = 2147483647;
			files = (
				8CB8D89F14F5D025003E91E5 /* InfoPlist.strings in Resources */,
				8C14319515B4B67400A9C1B9 /* iPadMainVC.xib in Resources */,
				8C14319615B4B67400A9C1B9 /* iPhoneMainVC.xib in Resources */,
			);
			runOnlyForDeploymentPostprocessing = 0;
		};
/* End PBXResourcesBuildPhase section */

/* Begin PBXSourcesBuildPhase section */
		8CB8D88C14F5D025003E91E5 /* Sources */ = {
			isa = PBXSourcesBuildPhase;
			buildActionMask = 2147483647;
			files = (
				8CB8D8A114F5D025003E91E5 /* main.m in Sources */,
				8CB8D8A514F5D025003E91E5 /* AppDelegate.m in Sources */,
				8C14319215B4B67400A9C1B9 /* iPadMainVC.m in Sources */,
				8C14319315B4B67400A9C1B9 /* iPhoneMainVC.m in Sources */,
				8C14319415B4B67400A9C1B9 /* MainVC.m in Sources */,
				8C1431CB15B4B98C00A9C1B9 /* ContainerConfiguration.m in Sources */,
				8CB5C01415D9FFB200E83780 /* ExampleService.m in Sources */,
				8CB5C01815DA000C00E83780 /* ExampleRepository.m in Sources */,
			);
			runOnlyForDeploymentPostprocessing = 0;
		};
/* End PBXSourcesBuildPhase section */

/* Begin PBXTargetDependency section */
		8C1431CE15B4B9AA00A9C1B9 /* PBXTargetDependency */ = {
			isa = PBXTargetDependency;
			name = CoreMeta;
			targetProxy = 8C1431CD15B4B9AA00A9C1B9 /* PBXContainerItemProxy */;
		};
/* End PBXTargetDependency section */

/* Begin PBXVariantGroup section */
		8CB8D89D14F5D025003E91E5 /* InfoPlist.strings */ = {
			isa = PBXVariantGroup;
			children = (
				8CB8D89E14F5D025003E91E5 /* en */,
			);
			name = InfoPlist.strings;
			sourceTree = "<group>";
		};
/* End PBXVariantGroup section */

/* Begin XCBuildConfiguration section */
		8CB8D8A614F5D025003E91E5 /* Debug */ = {
			isa = XCBuildConfiguration;
			buildSettings = {
				ALWAYS_SEARCH_USER_PATHS = NO;
				ARCHS = "$(ARCHS_STANDARD_32_BIT)";
				CLANG_ENABLE_OBJC_ARC = YES;
				"CODE_SIGN_IDENTITY[sdk=iphoneos*]" = "iPhone Developer";
				COPY_PHASE_STRIP = NO;
				GCC_C_LANGUAGE_STANDARD = gnu99;
				GCC_DYNAMIC_NO_PIC = NO;
				GCC_OPTIMIZATION_LEVEL = 0;
				GCC_PREPROCESSOR_DEFINITIONS = (
					"DEBUG=1",
					"$(inherited)",
				);
				GCC_SYMBOLS_PRIVATE_EXTERN = NO;
				GCC_VERSION = com.apple.compilers.llvm.clang.1_0;
				GCC_WARN_ABOUT_RETURN_TYPE = YES;
				GCC_WARN_UNINITIALIZED_AUTOS = YES;
				GCC_WARN_UNUSED_VARIABLE = YES;
				IPHONEOS_DEPLOYMENT_TARGET = 5.0;
				SDKROOT = iphoneos;
				TARGETED_DEVICE_FAMILY = "1,2";
			};
			name = Debug;
		};
		8CB8D8A714F5D025003E91E5 /* Release */ = {
			isa = XCBuildConfiguration;
			buildSettings = {
				ALWAYS_SEARCH_USER_PATHS = NO;
				ARCHS = "$(ARCHS_STANDARD_32_BIT)";
				CLANG_ENABLE_OBJC_ARC = YES;
				"CODE_SIGN_IDENTITY[sdk=iphoneos*]" = "iPhone Developer";
				COPY_PHASE_STRIP = YES;
				GCC_C_LANGUAGE_STANDARD = gnu99;
				GCC_VERSION = com.apple.compilers.llvm.clang.1_0;
				GCC_WARN_ABOUT_RETURN_TYPE = YES;
				GCC_WARN_UNINITIALIZED_AUTOS = YES;
				GCC_WARN_UNUSED_VARIABLE = YES;
				IPHONEOS_DEPLOYMENT_TARGET = 5.0;
				OTHER_CFLAGS = "-DNS_BLOCK_ASSERTIONS=1";
				SDKROOT = iphoneos;
				TARGETED_DEVICE_FAMILY = "1,2";
				VALIDATE_PRODUCT = YES;
			};
			name = Release;
		};
		8CB8D8A914F5D025003E91E5 /* Debug */ = {
			isa = XCBuildConfiguration;
			buildSettings = {
				CLANG_ENABLE_OBJC_ARC = YES;
				GCC_PRECOMPILE_PREFIX_HEADER = YES;
				GCC_PREFIX_HEADER = "UniversalExample/UniversalExample-Prefix.pch";
				HEADER_SEARCH_PATHS = "\"$(PROJECT_DIR)/../CoreMeta\"/**";
				INFOPLIST_FILE = "UniversalExample/UniversalExample-Info.plist";
				OTHER_LDFLAGS = "-ObjC";
				PRODUCT_NAME = "$(TARGET_NAME)";
				WRAPPER_EXTENSION = app;
			};
			name = Debug;
		};
		8CB8D8AA14F5D025003E91E5 /* Release */ = {
			isa = XCBuildConfiguration;
			buildSettings = {
				CLANG_ENABLE_OBJC_ARC = YES;
				GCC_PRECOMPILE_PREFIX_HEADER = YES;
				GCC_PREFIX_HEADER = "UniversalExample/UniversalExample-Prefix.pch";
				HEADER_SEARCH_PATHS = "\"$(PROJECT_DIR)/../CoreMeta\"/**";
				INFOPLIST_FILE = "UniversalExample/UniversalExample-Info.plist";
				OTHER_LDFLAGS = "-ObjC";
				PRODUCT_NAME = "$(TARGET_NAME)";
				WRAPPER_EXTENSION = app;
			};
			name = Release;
		};
/* End XCBuildConfiguration section */

/* Begin XCConfigurationList section */
		8CB8D88A14F5D025003E91E5 /* Build configuration list for PBXProject "UniversalExample" */ = {
			isa = XCConfigurationList;
			buildConfigurations = (
				8CB8D8A614F5D025003E91E5 /* Debug */,
				8CB8D8A714F5D025003E91E5 /* Release */,
			);
			defaultConfigurationIsVisible = 0;
			defaultConfigurationName = Release;
		};
		8CB8D8A814F5D025003E91E5 /* Build configuration list for PBXNativeTarget "UniversalExample" */ = {
			isa = XCConfigurationList;
			buildConfigurations = (
				8CB8D8A914F5D025003E91E5 /* Debug */,
				8CB8D8AA14F5D025003E91E5 /* Release */,
			);
			defaultConfigurationIsVisible = 0;
			defaultConfigurationName = Release;
		};
/* End XCConfigurationList section */
	};
	rootObject = 8CB8D88714F5D025003E91E5 /* Project object */;
}
